PODS:
  - CTMediator (0.0.3)
  - CTMediator+Door (1.0.0):
    - CTMediator
  - CTMediator+Tower (1.0.0):
    - CTMediator
  - Door (1.0.0)
  - Tower (1.0.0)

DEPENDENCIES:
  - CTMediator+Door (from `../CTMediator+Door`)
  - CTMediator+Tower (from `../CTMediator+Tower`)
  - Door (from `../Door`)
  - Tower (from `../Tower`)

EXTERNAL SOURCES:
  CTMediator+Door:
    :path: "../CTMediator+Door"
  CTMediator+Tower:
    :path: "../CTMediator+Tower"
  Door:
    :path: "../Door"
  Tower:
    :path: "../Tower"

SPEC CHECKSUMS:
  CTMediator: c9a1203561e2232cb9a72822659159a02ae3cf20
  CTMediator+Door: 28f3116cb11c806fad4513d6b013f2be006a3fb5
  CTMediator+Tower: 434484a52c1043093114532287234b473a64061f
  Door: 340e7846b3b8cd1f24fcce7e578b54b961dd04ab
  Tower: c0ac4d2ff98fc4b562f220319b99195628b92fe9

PODFILE CHECKSUM: 2ea008b582449e9a0f5df9ea8636eafd65bef5bf

COCOAPODS: 1.2.0
