// !$*UTF8*$!
{
	archiveVersion = 1;
	classes = {
	};
	objectVersion = 46;
	objects = {

/* Begin PBXBuildFile section */
		EDEF3A681E66905F006C9F4E /* AppDelegate.swift in Sources */ = {isa = PBXBuildFile; fileRef = EDEF3A671E66905F006C9F4E /* AppDelegate.swift */; };
		EDEF3A6A1E66905F006C9F4E /* ViewController.swift in Sources */ = {isa = PBXBuildFile; fileRef = EDEF3A691E66905F006C9F4E /* ViewController.swift */; };
		EDEF3A6D1E66905F006C9F4E /* Main.storyboard in Resources */ = {isa = PBXBuildFile; fileRef = EDEF3A6B1E66905F006C9F4E /* Main.storyboard */; };
		EDEF3A6F1E66905F006C9F4E /* Assets.xcassets in Resources */ = {isa = PBXBuildFile; fileRef = EDEF3A6E1E66905F006C9F4E /* Assets.xcassets */; };
		EDEF3A721E66905F006C9F4E /* LaunchScreen.storyboard in Resources */ = {isa = PBXBuildFile; fileRef = EDEF3A701E66905F006C9F4E /* LaunchScreen.storyboard */; };
		EDEF3A9F1E6690BB006C9F4E /* Target_Profile.swift in Sources */ = {isa = PBXBuildFile; fileRef = EDEF3A9E1E6690BB006C9F4E /* Target_Profile.swift */; };
		EDEF3AA11E6690F2006C9F4E /* ProfileViewController.swift in Sources */ = {isa = PBXBuildFile; fileRef = EDEF3AA01E6690F2006C9F4E /* ProfileViewController.swift */; };
/* End PBXBuildFile section */

/* Begin PBXFileReference section */
		EDEF3A641E66905F006C9F4E /* Profile.app */ = {isa = PBXFileReference; explicitFileType = wrapper.application; includeInIndex = 0; path = Profile.app; sourceTree = BUILT_PRODUCTS_DIR; };
		EDEF3A671E66905F006C9F4E /* AppDelegate.swift */ = {isa = PBXFileReference; lastKnownFileType = sourcecode.swift; path = AppDelegate.swift; sourceTree = "<group>"; };
		EDEF3A691E66905F006C9F4E /* ViewController.swift */ = {isa = PBXFileReference; lastKnownFileType = sourcecode.swift; path = ViewController.swift; sourceTree = "<group>"; };
		EDEF3A6C1E66905F006C9F4E /* Base */ = {isa = PBXFileReference; lastKnownFileType = file.storyboard; name = Base; path = Base.lproj/Main.storyboard; sourceTree = "<group>"; };
		EDEF3A6E1E66905F006C9F4E /* Assets.xcassets */ = {isa = PBXFileReference; lastKnownFileType = folder.assetcatalog; path = Assets.xcassets; sourceTree = "<group>"; };
		EDEF3A711E66905F006C9F4E /* Base */ = {isa = PBXFileReference; lastKnownFileType = file.storyboard; name = Base; path = Base.lproj/LaunchScreen.storyboard; sourceTree = "<group>"; };
		EDEF3A731E66905F006C9F4E /* Info.plist */ = {isa = PBXFileReference; lastKnownFileType = text.plist.xml; path = Info.plist; sourceTree = "<group>"; };
		EDEF3A9E1E6690BB006C9F4E /* Target_Profile.swift */ = {isa = PBXFileReference; fileEncoding = 4; lastKnownFileType = sourcecode.swift; path = Target_Profile.swift; sourceTree = "<group>"; };
		EDEF3AA01E6690F2006C9F4E /* ProfileViewController.swift */ = {isa = PBXFileReference; fileEncoding = 4; lastKnownFileType = sourcecode.swift; path = ProfileViewController.swift; sourceTree = "<group>"; };
/* End PBXFileReference section */

/* Begin PBXFrameworksBuildPhase section */
		EDEF3A611E66905F006C9F4E /* Frameworks */ = {
			isa = PBXFrameworksBuildPhase;
			buildActionMask = 2147483647;
			files = (
			);
			runOnlyForDeploymentPostprocessing = 0;
		};
/* End PBXFrameworksBuildPhase section */

/* Begin PBXGroup section */
		EDEF3A5B1E66905F006C9F4E = {
			isa = PBXGroup;
			children = (
				EDEF3A661E66905F006C9F4E /* Profile */,
				EDEF3A651E66905F006C9F4E /* Products */,
			);
			sourceTree = "<group>";
		};
		EDEF3A651E66905F006C9F4E /* Products */ = {
			isa = PBXGroup;
			children = (
				EDEF3A641E66905F006C9F4E /* Profile.app */,
			);
			name = Products;
			sourceTree = "<group>";
		};
		EDEF3A661E66905F006C9F4E /* Profile */ = {
			isa = PBXGroup;
			children = (
				EDEF3A9C1E6690BB006C9F4E /* Profile */,
				EDEF3A671E66905F006C9F4E /* AppDelegate.swift */,
				EDEF3A691E66905F006C9F4E /* ViewController.swift */,
				EDEF3A6B1E66905F006C9F4E /* Main.storyboard */,
				EDEF3A6E1E66905F006C9F4E /* Assets.xcassets */,
				EDEF3A701E66905F006C9F4E /* LaunchScreen.storyboard */,
				EDEF3A731E66905F006C9F4E /* Info.plist */,
			);
			path = Profile;
			sourceTree = "<group>";
		};
		EDEF3A9C1E6690BB006C9F4E /* Profile */ = {
			isa = PBXGroup;
			children = (
				EDEF3AA01E6690F2006C9F4E /* ProfileViewController.swift */,
				EDEF3A9D1E6690BB006C9F4E /* Targets */,
			);
			path = Profile;
			sourceTree = "<group>";
		};
		EDEF3A9D1E6690BB006C9F4E /* Targets */ = {
			isa = PBXGroup;
			children = (
				EDEF3A9E1E6690BB006C9F4E /* Target_Profile.swift */,
			);
			path = Targets;
			sourceTree = "<group>";
		};
/* End PBXGroup section */

/* Begin PBXNativeTarget section */
		EDEF3A631E66905F006C9F4E /* Profile */ = {
			isa = PBXNativeTarget;
			buildConfigurationList = EDEF3A761E66905F006C9F4E /* Build configuration list for PBXNativeTarget "Profile" */;
			buildPhases = (
				EDEF3A601E66905F006C9F4E /* Sources */,
				EDEF3A611E66905F006C9F4E /* Frameworks */,
				EDEF3A621E66905F006C9F4E /* Resources */,
			);
			buildRules = (
			);
			dependencies = (
			);
			name = Profile;
			productName = Profile;
			productReference = EDEF3A641E66905F006C9F4E /* Profile.app */;
			productType = "com.apple.product-type.application";
		};
/* End PBXNativeTarget section */

/* Begin PBXProject section */
		EDEF3A5C1E66905F006C9F4E /* Project object */ = {
			isa = PBXProject;
			attributes = {
				LastSwiftUpdateCheck = 0820;
				LastUpgradeCheck = 0820;
				ORGANIZATIONNAME = Limon.F;
				TargetAttributes = {
					EDEF3A631E66905F006C9F4E = {
						CreatedOnToolsVersion = 8.2.1;
						ProvisioningStyle = Automatic;
					};
				};
			};
			buildConfigurationList = EDEF3A5F1E66905F006C9F4E /* Build configuration list for PBXProject "Profile" */;
			compatibilityVersion = "Xcode 3.2";
			developmentRegion = English;
			hasScannedForEncodings = 0;
			knownRegions = (
				en,
				Base,
			);
			mainGroup = EDEF3A5B1E66905F006C9F4E;
			productRefGroup = EDEF3A651E66905F006C9F4E /* Products */;
			projectDirPath = "";
			projectRoot = "";
			targets = (
				EDEF3A631E66905F006C9F4E /* Profile */,
			);
		};
/* End PBXProject section */

/* Begin PBXResourcesBuildPhase section */
		EDEF3A621E66905F006C9F4E /* Resources */ = {
			isa = PBXResourcesBuildPhase;
			buildActionMask = 2147483647;
			files = (
				EDEF3A721E66905F006C9F4E /* LaunchScreen.storyboard in Resources */,
				EDEF3A6F1E66905F006C9F4E /* Assets.xcassets in Resources */,
				EDEF3A6D1E66905F006C9F4E /* Main.storyboard in Resources */,
			);
			runOnlyForDeploymentPostprocessing = 0;
		};
/* End PBXResourcesBuildPhase section */

/* Begin PBXSourcesBuildPhase section */
		EDEF3A601E66905F006C9F4E /* Sources */ = {
			isa = PBXSourcesBuildPhase;
			buildActionMask = 2147483647;
			files = (
				EDEF3A6A1E66905F006C9F4E /* ViewController.swift in Sources */,
				EDEF3A681E66905F006C9F4E /* AppDelegate.swift in Sources */,
				EDEF3AA11E6690F2006C9F4E /* ProfileViewController.swift in Sources */,
				EDEF3A9F1E6690BB006C9F4E /* Target_Profile.swift in Sources */,
			);
			runOnlyForDeploymentPostprocessing = 0;
		};
/* End PBXSourcesBuildPhase section */

/* Begin PBXVariantGroup section */
		EDEF3A6B1E66905F006C9F4E /* Main.storyboard */ = {
			isa = PBXVariantGroup;
			children = (
				EDEF3A6C1E66905F006C9F4E /* Base */,
			);
			name = Main.storyboard;
			sourceTree = "<group>";
		};
		EDEF3A701E66905F006C9F4E /* LaunchScreen.storyboard */ = {
			isa = PBXVariantGroup;
			children = (
				EDEF3A711E66905F006C9F4E /* Base */,
			);
			name = LaunchScreen.storyboard;
			sourceTree = "<group>";
		};
/* End PBXVariantGroup section */

/* Begin XCBuildConfiguration section */
		EDEF3A741E66905F006C9F4E /* Debug */ = {
			isa = XCBuildConfiguration;
			buildSettings = {
				ALWAYS_SEARCH_USER_PATHS = NO;
				CLANG_ANALYZER_NONNULL = YES;
				CLANG_CXX_LANGUAGE_STANDARD = "gnu++0x";
				CLANG_CXX_LIBRARY = "libc++";
				CLANG_ENABLE_MODULES = YES;
				CLANG_ENABLE_OBJC_ARC = YES;
				CLANG_WARN_BOOL_CONVERSION = YES;
				CLANG_WARN_CONSTANT_CONVERSION = YES;
				CLANG_WARN_DIRECT_OBJC_ISA_USAGE = YES_ERROR;
				CLANG_WARN_DOCUMENTATION_COMMENTS = YES;
				CLANG_WARN_EMPTY_BODY = YES;
				CLANG_WARN_ENUM_CONVERSION = YES;
				CLANG_WARN_INFINITE_RECURSION = YES;
				CLANG_WARN_INT_CONVERSION = YES;
				CLANG_WARN_OBJC_ROOT_CLASS = YES_ERROR;
				CLANG_WARN_SUSPICIOUS_MOVE = YES;
				CLANG_WARN_UNREACHABLE_CODE = YES;
				CLANG_WARN__DUPLICATE_METHOD_MATCH = YES;
				"CODE_SIGN_IDENTITY[sdk=iphoneos*]" = "iPhone Developer";
				COPY_PHASE_STRIP = NO;
				DEBUG_INFORMATION_FORMAT = dwarf;
				ENABLE_STRICT_OBJC_MSGSEND = YES;
				ENABLE_TESTABILITY = YES;
				GCC_C_LANGUAGE_STANDARD = gnu99;
				GCC_DYNAMIC_NO_PIC = NO;
				GCC_NO_COMMON_BLOCKS = YES;
				GCC_OPTIMIZATION_LEVEL = 0;
				GCC_PREPROCESSOR_DEFINITIONS = (
					"DEBUG=1",
					"$(inherited)",
				);
				GCC_WARN_64_TO_32_BIT_CONVERSION = YES;
				GCC_WARN_ABOUT_RETURN_TYPE = YES_ERROR;
				GCC_WARN_UNDECLARED_SELECTOR = YES;
				GCC_WARN_UNINITIALIZED_AUTOS = YES_AGGRESSIVE;
				GCC_WARN_UNUSED_FUNCTION = YES;
				GCC_WARN_UNUSED_VARIABLE = YES;
				IPHONEOS_DEPLOYMENT_TARGET = 8.0;
				MTL_ENABLE_DEBUG_INFO = YES;
				ONLY_ACTIVE_ARCH = YES;
				SDKROOT = iphoneos;
				SWIFT_ACTIVE_COMPILATION_CONDITIONS = DEBUG;
				SWIFT_OPTIMIZATION_LEVEL = "-Onone";
			};
			name = Debug;
		};
		EDEF3A751E66905F006C9F4E /* Release */ = {
			isa = XCBuildConfiguration;
			buildSettings = {
				ALWAYS_SEARCH_USER_PATHS = NO;
				CLANG_ANALYZER_NONNULL = YES;
				CLANG_CXX_LANGUAGE_STANDARD = "gnu++0x";
				CLANG_CXX_LIBRARY = "libc++";
				CLANG_ENABLE_MODULES = YES;
				CLANG_ENABLE_OBJC_ARC = YES;
				CLANG_WARN_BOOL_CONVERSION = YES;
				CLANG_WARN_CONSTANT_CONVERSION = YES;
				CLANG_WARN_DIRECT_OBJC_ISA_USAGE = YES_ERROR;
				CLANG_WARN_DOCUMENTATION_COMMENTS = YES;
				CLANG_WARN_EMPTY_BODY = YES;
				CLANG_WARN_ENUM_CONVERSION = YES;
				CLANG_WARN_INFINITE_RECURSION = YES;
				CLANG_WARN_INT_CONVERSION = YES;
				CLANG_WARN_OBJC_ROOT_CLASS = YES_ERROR;
				CLANG_WARN_SUSPICIOUS_MOVE = YES;
				CLANG_WARN_UNREACHABLE_CODE = YES;
				CLANG_WARN__DUPLICATE_METHOD_MATCH = YES;
				"CODE_SIGN_IDENTITY[sdk=iphoneos*]" = "iPhone Developer";
				COPY_PHASE_STRIP = NO;
				DEBUG_INFORMATION_FORMAT = "dwarf-with-dsym";
				ENABLE_NS_ASSERTIONS = NO;
				ENABLE_STRICT_OBJC_MSGSEND = YES;
				GCC_C_LANGUAGE_STANDARD = gnu99;
				GCC_NO_COMMON_BLOCKS = YES;
				GCC_WARN_64_TO_32_BIT_CONVERSION = YES;
				GCC_WARN_ABOUT_RETURN_TYPE = YES_ERROR;
				GCC_WARN_UNDECLARED_SELECTOR = YES;
				GCC_WARN_UNINITIALIZED_AUTOS = YES_AGGRESSIVE;
				GCC_WARN_UNUSED_FUNCTION = YES;
				GCC_WARN_UNUSED_VARIABLE = YES;
				IPHONEOS_DEPLOYMENT_TARGET = 8.0;
				MTL_ENABLE_DEBUG_INFO = NO;
				SDKROOT = iphoneos;
				SWIFT_OPTIMIZATION_LEVEL = "-Owholemodule";
				VALIDATE_PRODUCT = YES;
			};
			name = Release;
		};
		EDEF3A771E66905F006C9F4E /* Debug */ = {
			isa = XCBuildConfiguration;
			buildSettings = {
				ASSETCATALOG_COMPILER_APPICON_NAME = AppIcon;
				INFOPLIST_FILE = Profile/Info.plist;
				LD_RUNPATH_SEARCH_PATHS = "$(inherited) @executable_path/Frameworks";
				PRODUCT_BUNDLE_IDENTIFIER = top.limon.Profile;
				PRODUCT_NAME = "$(TARGET_NAME)";
				SWIFT_VERSION = 3.0;
			};
			name = Debug;
		};
		EDEF3A781E66905F006C9F4E /* Release */ = {
			isa = XCBuildConfiguration;
			buildSettings = {
				ASSETCATALOG_COMPILER_APPICON_NAME = AppIcon;
				INFOPLIST_FILE = Profile/Info.plist;
				LD_RUNPATH_SEARCH_PATHS = "$(inherited) @executable_path/Frameworks";
				PRODUCT_BUNDLE_IDENTIFIER = top.limon.Profile;
				PRODUCT_NAME = "$(TARGET_NAME)";
				SWIFT_VERSION = 3.0;
			};
			name = Release;
		};
/* End XCBuildConfiguration section */

/* Begin XCConfigurationList section */
		EDEF3A5F1E66905F006C9F4E /* Build configuration list for PBXProject "Profile" */ = {
			isa = XCConfigurationList;
			buildConfigurations = (
				EDEF3A741E66905F006C9F4E /* Debug */,
				EDEF3A751E66905F006C9F4E /* Release */,
			);
			defaultConfigurationIsVisible = 0;
			defaultConfigurationName = Release;
		};
		EDEF3A761E66905F006C9F4E /* Build configuration list for PBXNativeTarget "Profile" */ = {
			isa = XCConfigurationList;
			buildConfigurations = (
				EDEF3A771E66905F006C9F4E /* Debug */,
				EDEF3A781E66905F006C9F4E /* Release */,
			);
			defaultConfigurationIsVisible = 0;
			defaultConfigurationName = Release;
		};
/* End XCConfigurationList section */
	};
	rootObject = EDEF3A5C1E66905F006C9F4E /* Project object */;
}
