// !$*UTF8*$!
{
	archiveVersion = 1;
	classes = {
	};
	objectVersion = 46;
	objects = {

/* Begin PBXBuildFile section */
		EADF89393E618B4A6AFDFCAC /* Pods_Door.framework in Frameworks */ = {isa = PBXBuildFile; fileRef = 6A563E11A0505EC5B604FE7D /* Pods_Door.framework */; };
		ED1A34C81E645EE100FFE1CE /* Networking.swift in Sources */ = {isa = PBXBuildFile; fileRef = ED1A34C71E645EE100FFE1CE /* Networking.swift */; };
		ED1E68611E64292300AE1EAB /* DoorUserDefaults.swift in Sources */ = {isa = PBXBuildFile; fileRef = ED1E68601E64292300AE1EAB /* DoorUserDefaults.swift */; };
		ED1E68671E6433D800AE1EAB /* LoginUser.swift in Sources */ = {isa = PBXBuildFile; fileRef = ED1E68661E6433D800AE1EAB /* LoginUser.swift */; };
		ED1E68691E643B0200AE1EAB /* DoorNavigationController.swift in Sources */ = {isa = PBXBuildFile; fileRef = ED1E68681E643B0200AE1EAB /* DoorNavigationController.swift */; };
		ED2B17ED1E63210300DF617D /* Empty.swift in Sources */ = {isa = PBXBuildFile; fileRef = ED2B17EC1E63210300DF617D /* Empty.swift */; };
		ED2B17F01E63212700DF617D /* Storyboard.swift in Sources */ = {isa = PBXBuildFile; fileRef = ED2B17EF1E63212700DF617D /* Storyboard.swift */; };
		ED39E9FB1E5A9253003A0AE4 /* Door.xcassets in Resources */ = {isa = PBXBuildFile; fileRef = ED39E9FA1E5A9253003A0AE4 /* Door.xcassets */; };
		ED7A62BD1E59D47500B1E085 /* AppDelegate.swift in Sources */ = {isa = PBXBuildFile; fileRef = ED7A62BC1E59D47500B1E085 /* AppDelegate.swift */; };
		ED7A62BF1E59D47500B1E085 /* ViewController.swift in Sources */ = {isa = PBXBuildFile; fileRef = ED7A62BE1E59D47500B1E085 /* ViewController.swift */; };
		ED7A62C21E59D47500B1E085 /* Main.storyboard in Resources */ = {isa = PBXBuildFile; fileRef = ED7A62C01E59D47500B1E085 /* Main.storyboard */; };
		ED7A62C41E59D47500B1E085 /* Assets.xcassets in Resources */ = {isa = PBXBuildFile; fileRef = ED7A62C31E59D47500B1E085 /* Assets.xcassets */; };
		ED7A62C71E59D47500B1E085 /* LaunchScreen.storyboard in Resources */ = {isa = PBXBuildFile; fileRef = ED7A62C51E59D47500B1E085 /* LaunchScreen.storyboard */; };
		ED7A62D01E59D5F200B1E085 /* Door.storyboard in Resources */ = {isa = PBXBuildFile; fileRef = ED7A62CF1E59D5F200B1E085 /* Door.storyboard */; };
		ED7A62D21E59D60D00B1E085 /* WelcomeViewController.swift in Sources */ = {isa = PBXBuildFile; fileRef = ED7A62D11E59D60D00B1E085 /* WelcomeViewController.swift */; };
		ED7A62D81E59D69000B1E085 /* LoginViewController.swift in Sources */ = {isa = PBXBuildFile; fileRef = ED7A62D71E59D69000B1E085 /* LoginViewController.swift */; };
		ED7A62DA1E59E20A00B1E085 /* PhoneNumberPickerViewController.swift in Sources */ = {isa = PBXBuildFile; fileRef = ED7A62D91E59E20A00B1E085 /* PhoneNumberPickerViewController.swift */; };
		ED7A62DC1E59E84B00B1E085 /* ProfilePickerViewController.swift in Sources */ = {isa = PBXBuildFile; fileRef = ED7A62DB1E59E84B00B1E085 /* ProfilePickerViewController.swift */; };
		ED7A63041E59ED0300B1E085 /* Target_Door.swift in Sources */ = {isa = PBXBuildFile; fileRef = ED7A63031E59ED0300B1E085 /* Target_Door.swift */; };
		ED82E9771E5DF300001AB640 /* Register.storyboard in Resources */ = {isa = PBXBuildFile; fileRef = ED82E9761E5DF300001AB640 /* Register.storyboard */; };
		ED82E9791E5DF33A001AB640 /* Login.storyboard in Resources */ = {isa = PBXBuildFile; fileRef = ED82E9781E5DF33A001AB640 /* Login.storyboard */; };
		EDCBBCEA1E5AF6A800769112 /* Configure.swift in Sources */ = {isa = PBXBuildFile; fileRef = EDCBBCE81E5AF6A800769112 /* Configure.swift */; };
		EDCBBCEE1E5AFD2F00769112 /* DoorLocalizable.strings in Resources */ = {isa = PBXBuildFile; fileRef = EDCBBCF01E5AFD2F00769112 /* DoorLocalizable.strings */; };
		EDE5956B1E5C1765005460FA /* String+Door.swift in Sources */ = {isa = PBXBuildFile; fileRef = EDE5956A1E5C1765005460FA /* String+Door.swift */; };
/* End PBXBuildFile section */

/* Begin PBXFileReference section */
		19FF648B2CA53A36E2C42E0F /* Pods-Door.debug.xcconfig */ = {isa = PBXFileReference; includeInIndex = 1; lastKnownFileType = text.xcconfig; name = "Pods-Door.debug.xcconfig"; path = "Pods/Target Support Files/Pods-Door/Pods-Door.debug.xcconfig"; sourceTree = "<group>"; };
		6A563E11A0505EC5B604FE7D /* Pods_Door.framework */ = {isa = PBXFileReference; explicitFileType = wrapper.framework; includeInIndex = 0; path = Pods_Door.framework; sourceTree = BUILT_PRODUCTS_DIR; };
		ED1A34C71E645EE100FFE1CE /* Networking.swift */ = {isa = PBXFileReference; fileEncoding = 4; lastKnownFileType = sourcecode.swift; path = Networking.swift; sourceTree = "<group>"; };
		ED1E68601E64292300AE1EAB /* DoorUserDefaults.swift */ = {isa = PBXFileReference; fileEncoding = 4; lastKnownFileType = sourcecode.swift; path = DoorUserDefaults.swift; sourceTree = "<group>"; };
		ED1E68661E6433D800AE1EAB /* LoginUser.swift */ = {isa = PBXFileReference; fileEncoding = 4; lastKnownFileType = sourcecode.swift; path = LoginUser.swift; sourceTree = "<group>"; };
		ED1E68681E643B0200AE1EAB /* DoorNavigationController.swift */ = {isa = PBXFileReference; fileEncoding = 4; lastKnownFileType = sourcecode.swift; path = DoorNavigationController.swift; sourceTree = "<group>"; };
		ED2B17EC1E63210300DF617D /* Empty.swift */ = {isa = PBXFileReference; fileEncoding = 4; lastKnownFileType = sourcecode.swift; path = Empty.swift; sourceTree = "<group>"; };
		ED2B17EF1E63212700DF617D /* Storyboard.swift */ = {isa = PBXFileReference; fileEncoding = 4; lastKnownFileType = sourcecode.swift; path = Storyboard.swift; sourceTree = "<group>"; };
		ED39E9FA1E5A9253003A0AE4 /* Door.xcassets */ = {isa = PBXFileReference; lastKnownFileType = folder.assetcatalog; path = Door.xcassets; sourceTree = "<group>"; };
		ED7A62B91E59D47500B1E085 /* Door.app */ = {isa = PBXFileReference; explicitFileType = wrapper.application; includeInIndex = 0; path = Door.app; sourceTree = BUILT_PRODUCTS_DIR; };
		ED7A62BC1E59D47500B1E085 /* AppDelegate.swift */ = {isa = PBXFileReference; lastKnownFileType = sourcecode.swift; path = AppDelegate.swift; sourceTree = "<group>"; };
		ED7A62BE1E59D47500B1E085 /* ViewController.swift */ = {isa = PBXFileReference; lastKnownFileType = sourcecode.swift; path = ViewController.swift; sourceTree = "<group>"; };
		ED7A62C11E59D47500B1E085 /* Base */ = {isa = PBXFileReference; lastKnownFileType = file.storyboard; name = Base; path = Base.lproj/Main.storyboard; sourceTree = "<group>"; };
		ED7A62C31E59D47500B1E085 /* Assets.xcassets */ = {isa = PBXFileReference; lastKnownFileType = folder.assetcatalog; path = Assets.xcassets; sourceTree = "<group>"; };
		ED7A62C61E59D47500B1E085 /* Base */ = {isa = PBXFileReference; lastKnownFileType = file.storyboard; name = Base; path = Base.lproj/LaunchScreen.storyboard; sourceTree = "<group>"; };
		ED7A62C81E59D47500B1E085 /* Info.plist */ = {isa = PBXFileReference; lastKnownFileType = text.plist.xml; path = Info.plist; sourceTree = "<group>"; };
		ED7A62CF1E59D5F200B1E085 /* Door.storyboard */ = {isa = PBXFileReference; fileEncoding = 4; lastKnownFileType = file.storyboard; path = Door.storyboard; sourceTree = "<group>"; };
		ED7A62D11E59D60D00B1E085 /* WelcomeViewController.swift */ = {isa = PBXFileReference; fileEncoding = 4; lastKnownFileType = sourcecode.swift; path = WelcomeViewController.swift; sourceTree = "<group>"; };
		ED7A62D71E59D69000B1E085 /* LoginViewController.swift */ = {isa = PBXFileReference; fileEncoding = 4; lastKnownFileType = sourcecode.swift; path = LoginViewController.swift; sourceTree = "<group>"; };
		ED7A62D91E59E20A00B1E085 /* PhoneNumberPickerViewController.swift */ = {isa = PBXFileReference; fileEncoding = 4; lastKnownFileType = sourcecode.swift; path = PhoneNumberPickerViewController.swift; sourceTree = "<group>"; };
		ED7A62DB1E59E84B00B1E085 /* ProfilePickerViewController.swift */ = {isa = PBXFileReference; fileEncoding = 4; lastKnownFileType = sourcecode.swift; path = ProfilePickerViewController.swift; sourceTree = "<group>"; };
		ED7A63031E59ED0300B1E085 /* Target_Door.swift */ = {isa = PBXFileReference; fileEncoding = 4; lastKnownFileType = sourcecode.swift; path = Target_Door.swift; sourceTree = "<group>"; };
		ED82E9761E5DF300001AB640 /* Register.storyboard */ = {isa = PBXFileReference; fileEncoding = 4; lastKnownFileType = file.storyboard; path = Register.storyboard; sourceTree = "<group>"; };
		ED82E9781E5DF33A001AB640 /* Login.storyboard */ = {isa = PBXFileReference; fileEncoding = 4; lastKnownFileType = file.storyboard; path = Login.storyboard; sourceTree = "<group>"; };
		EDCBBCE81E5AF6A800769112 /* Configure.swift */ = {isa = PBXFileReference; fileEncoding = 4; lastKnownFileType = sourcecode.swift; path = Configure.swift; sourceTree = "<group>"; };
		EDCBBCEF1E5AFD2F00769112 /* en */ = {isa = PBXFileReference; lastKnownFileType = text.plist.strings; name = en; path = en.lproj/DoorLocalizable.strings; sourceTree = "<group>"; };
		EDCBBCF11E5AFD3C00769112 /* zh-Hans */ = {isa = PBXFileReference; lastKnownFileType = text.plist.strings; name = "zh-Hans"; path = "zh-Hans.lproj/DoorLocalizable.strings"; sourceTree = "<group>"; };
		EDE5956A1E5C1765005460FA /* String+Door.swift */ = {isa = PBXFileReference; fileEncoding = 4; lastKnownFileType = sourcecode.swift; path = "String+Door.swift"; sourceTree = "<group>"; };
		FDE7A8DF01A284361DFF4F76 /* Pods-Door.release.xcconfig */ = {isa = PBXFileReference; includeInIndex = 1; lastKnownFileType = text.xcconfig; name = "Pods-Door.release.xcconfig"; path = "Pods/Target Support Files/Pods-Door/Pods-Door.release.xcconfig"; sourceTree = "<group>"; };
/* End PBXFileReference section */

/* Begin PBXFrameworksBuildPhase section */
		ED7A62B61E59D47500B1E085 /* Frameworks */ = {
			isa = PBXFrameworksBuildPhase;
			buildActionMask = 2147483647;
			files = (
				EADF89393E618B4A6AFDFCAC /* Pods_Door.framework in Frameworks */,
			);
			runOnlyForDeploymentPostprocessing = 0;
		};
/* End PBXFrameworksBuildPhase section */

/* Begin PBXGroup section */
		CF4E568113C88DBE6AEBDA5D /* Frameworks */ = {
			isa = PBXGroup;
			children = (
				6A563E11A0505EC5B604FE7D /* Pods_Door.framework */,
			);
			name = Frameworks;
			sourceTree = "<group>";
		};
		D2A9CC034061A10F23827178 /* Pods */ = {
			isa = PBXGroup;
			children = (
				19FF648B2CA53A36E2C42E0F /* Pods-Door.debug.xcconfig */,
				FDE7A8DF01A284361DFF4F76 /* Pods-Door.release.xcconfig */,
			);
			name = Pods;
			sourceTree = "<group>";
		};
		ED1E685F1E6428EC00AE1EAB /* Services */ = {
			isa = PBXGroup;
			children = (
				ED1A34C71E645EE100FFE1CE /* Networking.swift */,
				ED1E68601E64292300AE1EAB /* DoorUserDefaults.swift */,
			);
			path = Services;
			sourceTree = "<group>";
		};
		ED1E68651E6433D800AE1EAB /* Modles */ = {
			isa = PBXGroup;
			children = (
				ED1E68661E6433D800AE1EAB /* LoginUser.swift */,
			);
			path = Modles;
			sourceTree = "<group>";
		};
		ED2B17EB1E6320FC00DF617D /* Base */ = {
			isa = PBXGroup;
			children = (
				ED2B17EC1E63210300DF617D /* Empty.swift */,
				ED1E68681E643B0200AE1EAB /* DoorNavigationController.swift */,
			);
			path = Base;
			sourceTree = "<group>";
		};
		ED2B17EE1E63212700DF617D /* Storyboard */ = {
			isa = PBXGroup;
			children = (
				ED2B17EF1E63212700DF617D /* Storyboard.swift */,
			);
			path = Storyboard;
			sourceTree = "<group>";
		};
		ED39E9F91E5A9248003A0AE4 /* Resources */ = {
			isa = PBXGroup;
			children = (
				ED39E9FA1E5A9253003A0AE4 /* Door.xcassets */,
				EDCBBCF01E5AFD2F00769112 /* DoorLocalizable.strings */,
			);
			path = Resources;
			sourceTree = "<group>";
		};
		ED7A62B01E59D47500B1E085 = {
			isa = PBXGroup;
			children = (
				ED7A62BB1E59D47500B1E085 /* Door */,
				ED7A62BA1E59D47500B1E085 /* Products */,
				D2A9CC034061A10F23827178 /* Pods */,
				CF4E568113C88DBE6AEBDA5D /* Frameworks */,
			);
			sourceTree = "<group>";
		};
		ED7A62BA1E59D47500B1E085 /* Products */ = {
			isa = PBXGroup;
			children = (
				ED7A62B91E59D47500B1E085 /* Door.app */,
			);
			name = Products;
			sourceTree = "<group>";
		};
		ED7A62BB1E59D47500B1E085 /* Door */ = {
			isa = PBXGroup;
			children = (
				ED7A62CE1E59D48E00B1E085 /* Door */,
				ED7A62BC1E59D47500B1E085 /* AppDelegate.swift */,
				ED7A62BE1E59D47500B1E085 /* ViewController.swift */,
				ED7A62C01E59D47500B1E085 /* Main.storyboard */,
				ED7A62C31E59D47500B1E085 /* Assets.xcassets */,
				ED7A62C51E59D47500B1E085 /* LaunchScreen.storyboard */,
				ED7A62C81E59D47500B1E085 /* Info.plist */,
			);
			path = Door;
			sourceTree = "<group>";
		};
		ED7A62CE1E59D48E00B1E085 /* Door */ = {
			isa = PBXGroup;
			children = (
				ED7A62CF1E59D5F200B1E085 /* Door.storyboard */,
				ED7A62D11E59D60D00B1E085 /* WelcomeViewController.swift */,
				ED2B17EB1E6320FC00DF617D /* Base */,
				ED1E68651E6433D800AE1EAB /* Modles */,
				ED1E685F1E6428EC00AE1EAB /* Services */,
				ED2B17EE1E63212700DF617D /* Storyboard */,
				EDE595691E5C175A005460FA /* Extensions */,
				EDCBBCE71E5AF6A800769112 /* Configures */,
				ED39E9F91E5A9248003A0AE4 /* Resources */,
				ED7A62DD1E59E99A00B1E085 /* Targets */,
				ED7A62D31E59D67D00B1E085 /* Login */,
				ED7A62D51E59D67D00B1E085 /* Register */,
			);
			path = Door;
			sourceTree = "<group>";
		};
		ED7A62D31E59D67D00B1E085 /* Login */ = {
			isa = PBXGroup;
			children = (
				ED82E9781E5DF33A001AB640 /* Login.storyboard */,
				ED7A62D41E59D67D00B1E085 /* Controllers */,
			);
			path = Login;
			sourceTree = "<group>";
		};
		ED7A62D41E59D67D00B1E085 /* Controllers */ = {
			isa = PBXGroup;
			children = (
				ED7A62D71E59D69000B1E085 /* LoginViewController.swift */,
			);
			path = Controllers;
			sourceTree = "<group>";
		};
		ED7A62D51E59D67D00B1E085 /* Register */ = {
			isa = PBXGroup;
			children = (
				ED82E9761E5DF300001AB640 /* Register.storyboard */,
				ED7A62D61E59D67D00B1E085 /* Controllers */,
			);
			path = Register;
			sourceTree = "<group>";
		};
		ED7A62D61E59D67D00B1E085 /* Controllers */ = {
			isa = PBXGroup;
			children = (
				ED7A62D91E59E20A00B1E085 /* PhoneNumberPickerViewController.swift */,
				ED7A62DB1E59E84B00B1E085 /* ProfilePickerViewController.swift */,
			);
			path = Controllers;
			sourceTree = "<group>";
		};
		ED7A62DD1E59E99A00B1E085 /* Targets */ = {
			isa = PBXGroup;
			children = (
				ED7A63031E59ED0300B1E085 /* Target_Door.swift */,
			);
			path = Targets;
			sourceTree = "<group>";
		};
		EDCBBCE71E5AF6A800769112 /* Configures */ = {
			isa = PBXGroup;
			children = (
				EDCBBCE81E5AF6A800769112 /* Configure.swift */,
			);
			path = Configures;
			sourceTree = "<group>";
		};
		EDE595691E5C175A005460FA /* Extensions */ = {
			isa = PBXGroup;
			children = (
				EDE5956A1E5C1765005460FA /* String+Door.swift */,
			);
			path = Extensions;
			sourceTree = "<group>";
		};
/* End PBXGroup section */

/* Begin PBXNativeTarget section */
		ED7A62B81E59D47500B1E085 /* Door */ = {
			isa = PBXNativeTarget;
			buildConfigurationList = ED7A62CB1E59D47500B1E085 /* Build configuration list for PBXNativeTarget "Door" */;
			buildPhases = (
				BB0848CE306E86FD06D7C133 /* [CP] Check Pods Manifest.lock */,
				ED7A62B51E59D47500B1E085 /* Sources */,
				ED7A62B61E59D47500B1E085 /* Frameworks */,
				ED7A62B71E59D47500B1E085 /* Resources */,
				69E31682C50B3505850897E0 /* [CP] Embed Pods Frameworks */,
				9A21813237C6A6E0FBC82CA5 /* [CP] Copy Pods Resources */,
			);
			buildRules = (
			);
			dependencies = (
			);
			name = Door;
			productName = Door;
			productReference = ED7A62B91E59D47500B1E085 /* Door.app */;
			productType = "com.apple.product-type.application";
		};
/* End PBXNativeTarget section */

/* Begin PBXProject section */
		ED7A62B11E59D47500B1E085 /* Project object */ = {
			isa = PBXProject;
			attributes = {
				LastSwiftUpdateCheck = 0820;
				LastUpgradeCheck = 0820;
				ORGANIZATIONNAME = Limon.F;
				TargetAttributes = {
					ED7A62B81E59D47500B1E085 = {
						CreatedOnToolsVersion = 8.2.1;
						ProvisioningStyle = Automatic;
					};
				};
			};
			buildConfigurationList = ED7A62B41E59D47500B1E085 /* Build configuration list for PBXProject "Door" */;
			compatibilityVersion = "Xcode 3.2";
			developmentRegion = English;
			hasScannedForEncodings = 0;
			knownRegions = (
				en,
				Base,
				"zh-Hans",
			);
			mainGroup = ED7A62B01E59D47500B1E085;
			productRefGroup = ED7A62BA1E59D47500B1E085 /* Products */;
			projectDirPath = "";
			projectRoot = "";
			targets = (
				ED7A62B81E59D47500B1E085 /* Door */,
			);
		};
/* End PBXProject section */

/* Begin PBXResourcesBuildPhase section */
		ED7A62B71E59D47500B1E085 /* Resources */ = {
			isa = PBXResourcesBuildPhase;
			buildActionMask = 2147483647;
			files = (
				ED82E9791E5DF33A001AB640 /* Login.storyboard in Resources */,
				ED7A62C71E59D47500B1E085 /* LaunchScreen.storyboard in Resources */,
				ED7A62C41E59D47500B1E085 /* Assets.xcassets in Resources */,
				ED82E9771E5DF300001AB640 /* Register.storyboard in Resources */,
				ED7A62D01E59D5F200B1E085 /* Door.storyboard in Resources */,
				EDCBBCEE1E5AFD2F00769112 /* DoorLocalizable.strings in Resources */,
				ED7A62C21E59D47500B1E085 /* Main.storyboard in Resources */,
				ED39E9FB1E5A9253003A0AE4 /* Door.xcassets in Resources */,
			);
			runOnlyForDeploymentPostprocessing = 0;
		};
/* End PBXResourcesBuildPhase section */

/* Begin PBXShellScriptBuildPhase section */
		69E31682C50B3505850897E0 /* [CP] Embed Pods Frameworks */ = {
			isa = PBXShellScriptBuildPhase;
			buildActionMask = 2147483647;
			files = (
			);
			inputPaths = (
			);
			name = "[CP] Embed Pods Frameworks";
			outputPaths = (
			);
			runOnlyForDeploymentPostprocessing = 0;
			shellPath = /bin/sh;
			shellScript = "\"${SRCROOT}/Pods/Target Support Files/Pods-Door/Pods-Door-frameworks.sh\"\n";
			showEnvVarsInLog = 0;
		};
		9A21813237C6A6E0FBC82CA5 /* [CP] Copy Pods Resources */ = {
			isa = PBXShellScriptBuildPhase;
			buildActionMask = 2147483647;
			files = (
			);
			inputPaths = (
			);
			name = "[CP] Copy Pods Resources";
			outputPaths = (
			);
			runOnlyForDeploymentPostprocessing = 0;
			shellPath = /bin/sh;
			shellScript = "\"${SRCROOT}/Pods/Target Support Files/Pods-Door/Pods-Door-resources.sh\"\n";
			showEnvVarsInLog = 0;
		};
		BB0848CE306E86FD06D7C133 /* [CP] Check Pods Manifest.lock */ = {
			isa = PBXShellScriptBuildPhase;
			buildActionMask = 2147483647;
			files = (
			);
			inputPaths = (
			);
			name = "[CP] Check Pods Manifest.lock";
			outputPaths = (
			);
			runOnlyForDeploymentPostprocessing = 0;
			shellPath = /bin/sh;
			shellScript = "diff \"${PODS_ROOT}/../Podfile.lock\" \"${PODS_ROOT}/Manifest.lock\" > /dev/null\nif [ $? != 0 ] ; then\n    # print error to STDERR\n    echo \"error: The sandbox is not in sync with the Podfile.lock. Run 'pod install' or update your CocoaPods installation.\" >&2\n    exit 1\nfi\n";
			showEnvVarsInLog = 0;
		};
/* End PBXShellScriptBuildPhase section */

/* Begin PBXSourcesBuildPhase section */
		ED7A62B51E59D47500B1E085 /* Sources */ = {
			isa = PBXSourcesBuildPhase;
			buildActionMask = 2147483647;
			files = (
				ED1E68611E64292300AE1EAB /* DoorUserDefaults.swift in Sources */,
				ED7A62DC1E59E84B00B1E085 /* ProfilePickerViewController.swift in Sources */,
				ED2B17F01E63212700DF617D /* Storyboard.swift in Sources */,
				ED7A62D81E59D69000B1E085 /* LoginViewController.swift in Sources */,
				ED7A62DA1E59E20A00B1E085 /* PhoneNumberPickerViewController.swift in Sources */,
				ED7A62D21E59D60D00B1E085 /* WelcomeViewController.swift in Sources */,
				ED1A34C81E645EE100FFE1CE /* Networking.swift in Sources */,
				EDE5956B1E5C1765005460FA /* String+Door.swift in Sources */,
				ED1E68691E643B0200AE1EAB /* DoorNavigationController.swift in Sources */,
				EDCBBCEA1E5AF6A800769112 /* Configure.swift in Sources */,
				ED7A63041E59ED0300B1E085 /* Target_Door.swift in Sources */,
				ED1E68671E6433D800AE1EAB /* LoginUser.swift in Sources */,
				ED2B17ED1E63210300DF617D /* Empty.swift in Sources */,
				ED7A62BF1E59D47500B1E085 /* ViewController.swift in Sources */,
				ED7A62BD1E59D47500B1E085 /* AppDelegate.swift in Sources */,
			);
			runOnlyForDeploymentPostprocessing = 0;
		};
/* End PBXSourcesBuildPhase section */

/* Begin PBXVariantGroup section */
		ED7A62C01E59D47500B1E085 /* Main.storyboard */ = {
			isa = PBXVariantGroup;
			children = (
				ED7A62C11E59D47500B1E085 /* Base */,
			);
			name = Main.storyboard;
			sourceTree = "<group>";
		};
		ED7A62C51E59D47500B1E085 /* LaunchScreen.storyboard */ = {
			isa = PBXVariantGroup;
			children = (
				ED7A62C61E59D47500B1E085 /* Base */,
			);
			name = LaunchScreen.storyboard;
			sourceTree = "<group>";
		};
		EDCBBCF01E5AFD2F00769112 /* DoorLocalizable.strings */ = {
			isa = PBXVariantGroup;
			children = (
				EDCBBCEF1E5AFD2F00769112 /* en */,
				EDCBBCF11E5AFD3C00769112 /* zh-Hans */,
			);
			name = DoorLocalizable.strings;
			sourceTree = "<group>";
		};
/* End PBXVariantGroup section */

/* Begin XCBuildConfiguration section */
		ED7A62C91E59D47500B1E085 /* Debug */ = {
			isa = XCBuildConfiguration;
			buildSettings = {
				ALWAYS_SEARCH_USER_PATHS = NO;
				CLANG_ANALYZER_LOCALIZABILITY_NONLOCALIZED = YES;
				CLANG_ANALYZER_NONNULL = YES;
				CLANG_CXX_LANGUAGE_STANDARD = "gnu++0x";
				CLANG_CXX_LIBRARY = "libc++";
				CLANG_ENABLE_MODULES = YES;
				CLANG_ENABLE_OBJC_ARC = YES;
				CLANG_WARN_BOOL_CONVERSION = YES;
				CLANG_WARN_CONSTANT_CONVERSION = YES;
				CLANG_WARN_DIRECT_OBJC_ISA_USAGE = YES_ERROR;
				CLANG_WARN_DOCUMENTATION_COMMENTS = YES;
				CLANG_WARN_EMPTY_BODY = YES;
				CLANG_WARN_ENUM_CONVERSION = YES;
				CLANG_WARN_INFINITE_RECURSION = YES;
				CLANG_WARN_INT_CONVERSION = YES;
				CLANG_WARN_OBJC_ROOT_CLASS = YES_ERROR;
				CLANG_WARN_SUSPICIOUS_MOVE = YES;
				CLANG_WARN_UNREACHABLE_CODE = YES;
				CLANG_WARN__DUPLICATE_METHOD_MATCH = YES;
				"CODE_SIGN_IDENTITY[sdk=iphoneos*]" = "iPhone Developer";
				COPY_PHASE_STRIP = NO;
				DEBUG_INFORMATION_FORMAT = dwarf;
				ENABLE_STRICT_OBJC_MSGSEND = YES;
				ENABLE_TESTABILITY = YES;
				GCC_C_LANGUAGE_STANDARD = gnu99;
				GCC_DYNAMIC_NO_PIC = NO;
				GCC_NO_COMMON_BLOCKS = YES;
				GCC_OPTIMIZATION_LEVEL = 0;
				GCC_PREPROCESSOR_DEFINITIONS = (
					"DEBUG=1",
					"$(inherited)",
				);
				GCC_WARN_64_TO_32_BIT_CONVERSION = YES;
				GCC_WARN_ABOUT_RETURN_TYPE = YES_ERROR;
				GCC_WARN_UNDECLARED_SELECTOR = YES;
				GCC_WARN_UNINITIALIZED_AUTOS = YES_AGGRESSIVE;
				GCC_WARN_UNUSED_FUNCTION = YES;
				GCC_WARN_UNUSED_VARIABLE = YES;
				IPHONEOS_DEPLOYMENT_TARGET = 10.2;
				MTL_ENABLE_DEBUG_INFO = YES;
				ONLY_ACTIVE_ARCH = YES;
				SDKROOT = iphoneos;
				SWIFT_ACTIVE_COMPILATION_CONDITIONS = DEBUG;
				SWIFT_OPTIMIZATION_LEVEL = "-Onone";
			};
			name = Debug;
		};
		ED7A62CA1E59D47500B1E085 /* Release */ = {
			isa = XCBuildConfiguration;
			buildSettings = {
				ALWAYS_SEARCH_USER_PATHS = NO;
				CLANG_ANALYZER_LOCALIZABILITY_NONLOCALIZED = YES;
				CLANG_ANALYZER_NONNULL = YES;
				CLANG_CXX_LANGUAGE_STANDARD = "gnu++0x";
				CLANG_CXX_LIBRARY = "libc++";
				CLANG_ENABLE_MODULES = YES;
				CLANG_ENABLE_OBJC_ARC = YES;
				CLANG_WARN_BOOL_CONVERSION = YES;
				CLANG_WARN_CONSTANT_CONVERSION = YES;
				CLANG_WARN_DIRECT_OBJC_ISA_USAGE = YES_ERROR;
				CLANG_WARN_DOCUMENTATION_COMMENTS = YES;
				CLANG_WARN_EMPTY_BODY = YES;
				CLANG_WARN_ENUM_CONVERSION = YES;
				CLANG_WARN_INFINITE_RECURSION = YES;
				CLANG_WARN_INT_CONVERSION = YES;
				CLANG_WARN_OBJC_ROOT_CLASS = YES_ERROR;
				CLANG_WARN_SUSPICIOUS_MOVE = YES;
				CLANG_WARN_UNREACHABLE_CODE = YES;
				CLANG_WARN__DUPLICATE_METHOD_MATCH = YES;
				"CODE_SIGN_IDENTITY[sdk=iphoneos*]" = "iPhone Developer";
				COPY_PHASE_STRIP = NO;
				DEBUG_INFORMATION_FORMAT = "dwarf-with-dsym";
				ENABLE_NS_ASSERTIONS = NO;
				ENABLE_STRICT_OBJC_MSGSEND = YES;
				GCC_C_LANGUAGE_STANDARD = gnu99;
				GCC_NO_COMMON_BLOCKS = YES;
				GCC_WARN_64_TO_32_BIT_CONVERSION = YES;
				GCC_WARN_ABOUT_RETURN_TYPE = YES_ERROR;
				GCC_WARN_UNDECLARED_SELECTOR = YES;
				GCC_WARN_UNINITIALIZED_AUTOS = YES_AGGRESSIVE;
				GCC_WARN_UNUSED_FUNCTION = YES;
				GCC_WARN_UNUSED_VARIABLE = YES;
				IPHONEOS_DEPLOYMENT_TARGET = 10.2;
				MTL_ENABLE_DEBUG_INFO = NO;
				SDKROOT = iphoneos;
				SWIFT_OPTIMIZATION_LEVEL = "-Owholemodule";
				VALIDATE_PRODUCT = YES;
			};
			name = Release;
		};
		ED7A62CC1E59D47500B1E085 /* Debug */ = {
			isa = XCBuildConfiguration;
			baseConfigurationReference = 19FF648B2CA53A36E2C42E0F /* Pods-Door.debug.xcconfig */;
			buildSettings = {
				ASSETCATALOG_COMPILER_APPICON_NAME = AppIcon;
				INFOPLIST_FILE = Door/Info.plist;
				LD_RUNPATH_SEARCH_PATHS = "$(inherited) @executable_path/Frameworks";
				PRODUCT_BUNDLE_IDENTIFIER = top.limon.Door;
				PRODUCT_NAME = "$(TARGET_NAME)";
				SWIFT_VERSION = 3.0;
			};
			name = Debug;
		};
		ED7A62CD1E59D47500B1E085 /* Release */ = {
			isa = XCBuildConfiguration;
			baseConfigurationReference = FDE7A8DF01A284361DFF4F76 /* Pods-Door.release.xcconfig */;
			buildSettings = {
				ASSETCATALOG_COMPILER_APPICON_NAME = AppIcon;
				INFOPLIST_FILE = Door/Info.plist;
				LD_RUNPATH_SEARCH_PATHS = "$(inherited) @executable_path/Frameworks";
				PRODUCT_BUNDLE_IDENTIFIER = top.limon.Door;
				PRODUCT_NAME = "$(TARGET_NAME)";
				SWIFT_VERSION = 3.0;
			};
			name = Release;
		};
/* End XCBuildConfiguration section */

/* Begin XCConfigurationList section */
		ED7A62B41E59D47500B1E085 /* Build configuration list for PBXProject "Door" */ = {
			isa = XCConfigurationList;
			buildConfigurations = (
				ED7A62C91E59D47500B1E085 /* Debug */,
				ED7A62CA1E59D47500B1E085 /* Release */,
			);
			defaultConfigurationIsVisible = 0;
			defaultConfigurationName = Release;
		};
		ED7A62CB1E59D47500B1E085 /* Build configuration list for PBXNativeTarget "Door" */ = {
			isa = XCConfigurationList;
			buildConfigurations = (
				ED7A62CC1E59D47500B1E085 /* Debug */,
				ED7A62CD1E59D47500B1E085 /* Release */,
			);
			defaultConfigurationIsVisible = 0;
			defaultConfigurationName = Release;
		};
/* End XCConfigurationList section */
	};
	rootObject = ED7A62B11E59D47500B1E085 /* Project object */;
}
