PODS:
  - CTMediator (0.0.3)
  - CTMediator+Door (1.0.0):
    - CTMediator
  - CTMediator+Tower (1.0.0):
    - CTMediator
  - Door (1.0.0):
    - EggKit
    - LegoKit
    - MonkeyKing
    - Networking
    - RxCocoa
    - RxSwift
  - EggKit (1.0.0)
  - LegoKit (1.0.1)
  - MonkeyKing (1.2.2)
  - Networking (1.0.1)
  - RxCocoa (3.2.0):
    - RxSwift (~> 3.1)
  - RxSwift (3.2.0)
  - Tower (1.0.0)

DEPENDENCIES:
  - CTMediator+Door (from `../CTMediator+Door`)
  - CTMediator+Tower (from `../CTMediator+Tower`)
  - Door (from `../Door`)
  - Tower (from `../Tower`)

EXTERNAL SOURCES:
  CTMediator+Door:
    :path: "../CTMediator+Door"
  CTMediator+Tower:
    :path: "../CTMediator+Tower"
  Door:
    :path: "../Door"
  Tower:
    :path: "../Tower"

SPEC CHECKSUMS:
  CTMediator: c9a1203561e2232cb9a72822659159a02ae3cf20
  CTMediator+Door: 50f53347b41b1d406a680f1ffaa5afd0e5492b0e
  CTMediator+Tower: f248115d52cc8f01cc45ba9d61f2cc6845bb2805
  Door: 2742cd1968992656684252626edd4eca6f03d7fe
  EggKit: 38973992cc5f27031c65a21a917ef0b6830b96a6
  LegoKit: a35238538e1309306ed46a5cb73e5b49875eb5cf
  MonkeyKing: 443becfc5579a050cd8b7394b3631c8ed567aae3
  Networking: 75739d81e372591a993311847d6317b2f83f05c9
  RxCocoa: ccdf43101a70407097a29082f648ba1676075b30
  RxSwift: 46574f70d416b7923c237195939cc488a7fbf3a0
  Tower: 382ae7d9f7e249126cdeda531d6f7d1a86774158

PODFILE CHECKSUM: 2ea008b582449e9a0f5df9ea8636eafd65bef5bf

COCOAPODS: 1.2.0
