PODS:
  - Alamofire (4.4.0)
  - Decodable (1.0.0)
  - Door (1.0.0):
    - EggKit
    - LegoAPI
    - LegoContext
    - LegoKit
    - LegoProvider
    - MonkeyKing
    - RxCocoa
    - RxSwift
  - EggKit (1.0.1)
  - LegoAPI (0.0.1):
    - LegoContext
    - MoyaSugar
  - LegoContext (1.0.1)
  - LegoKit (1.0.1):
    - EggKit
    - RxSwift
  - LegoProvider (0.0.1):
    - Decodable
    - MoyaSugar
  - Me (1.0.1):
    - EggKit
    - LegoKit
  - Mediator (0.0.4)
  - Mediator_Door (0.0.1):
    - Mediator
  - Mediator_Me (0.0.2):
    - Mediator
  - Mediator_Profile (0.0.1):
    - Mediator
  - Mediator_Tower (0.0.1):
    - Mediator
  - MonkeyKing (1.2.2)
  - Moya/Core (8.0.3):
    - Alamofire (~> 4.1)
    - Result (~> 3.0)
  - Moya/RxSwift (8.0.3):
    - Moya/Core
    - RxSwift (~> 3.0)
  - MoyaSugar (0.0.3):
    - Moya/RxSwift
  - Profile (1.0.0)
  - Result (3.2.1)
  - RxCocoa (3.3.1):
    - RxSwift (~> 3.3)
  - RxSwift (3.3.1)
  - Tower (1.0.0):
    - LegoContext
    - Mediator_Door

DEPENDENCIES:
  - Door (from `../Door`)
  - EggKit (from `../../Frameworks/EggKit`)
  - LegoAPI (from `../../Frameworks/LegoAPI`)
  - LegoContext (from `../../Frameworks/LegoContext`)
  - LegoKit (from `../../Frameworks/LegoKit`)
  - LegoProvider (from `../../Frameworks/LegoProvider`)
  - Me
  - Mediator (from `https://github.com/Limon-O-O/Mediator.git`, branch `master`)
  - Mediator_Door (from `../Mediator_Door`)
  - Mediator_Me
  - Mediator_Profile (from `../Mediator_Profile`)
  - Mediator_Tower (from `../Mediator_Tower`)
  - Profile (from `../Profile`)
  - Tower (from `../Tower`)

EXTERNAL SOURCES:
  Door:
    :path: "../Door"
  EggKit:
    :path: "../../Frameworks/EggKit"
  LegoAPI:
    :path: "../../Frameworks/LegoAPI"
  LegoContext:
    :path: "../../Frameworks/LegoContext"
  LegoKit:
    :path: "../../Frameworks/LegoKit"
  LegoProvider:
    :path: "../../Frameworks/LegoProvider"
  Mediator:
    :branch: master
    :git: https://github.com/Limon-O-O/Mediator.git
  Mediator_Door:
    :path: "../Mediator_Door"
  Mediator_Profile:
    :path: "../Mediator_Profile"
  Mediator_Tower:
    :path: "../Mediator_Tower"
  Profile:
    :path: "../Profile"
  Tower:
    :path: "../Tower"

CHECKOUT OPTIONS:
  Mediator:
    :commit: 1bb076a195b9988a17bdfac364dc5a9235b1325d
    :git: https://github.com/Limon-O-O/Mediator.git

SPEC CHECKSUMS:
  Alamofire: dc44b1600b800eb63da6a19039a0083d62a6a62d
  Decodable: dcce84646aa58682fb0baa9fba67524494f1a5da
  Door: 385effad4442e23c7ac8badd01be44d47c782b7d
  EggKit: 4ad8e40cd8ad4cc6ff8c415546e0544b1542b2d0
  LegoAPI: 8e5cc3018ab0bc2d61fad0922360284c7d8a06f4
  LegoContext: eb4f3645642400d506edb1ea69ed68194e88e269
  LegoKit: 55617431b4cb0b53968ffc6fa0f105fff07bfbc4
  LegoProvider: b886a4964d4aeca05c418e43155e2219ac0cef9a
  Me: 7268d637deb936aa14e9a19035793462d85e919a
  Mediator: 8af03cb1f7f8a086db007740f90abd5636eafd6a
  Mediator_Door: 5eb6db12e7196641aa0e94cbec8fc4d81974ada9
  Mediator_Me: 74a97c01ef8770b915a3447f1e5e61f56d0226c3
  Mediator_Profile: e260ae347a76fe526b73ed8ed09991d96004b22b
  Mediator_Tower: 492e4ab56ec5686890b2113813915051c5cf06b0
  MonkeyKing: 443becfc5579a050cd8b7394b3631c8ed567aae3
  Moya: d3721622e3cc0cc2f038d69a258686f0b66e7252
  MoyaSugar: f07f1199d62f0e69c43c2b2149ace22352099709
  Profile: 2bdb720c9d782c6d3776f9f7e61827f20655e3ab
  Result: 2453a22e5c5b11c0c3a478736e82cd02f763b781
  RxCocoa: 7dcb7a1860fc9cd0e23dae67ab105fc2916670b6
  RxSwift: 8fc9f2de6275a9101d518444e00bf32f1a42caac
  Tower: f80f250691ebb3f10af2eb9957e9ca52f1825157

PODFILE CHECKSUM: 6afab827afbf857b0468fa85f6e6c66d7a8dc217

COCOAPODS: 1.2.0
