// !$*UTF8*$!
{
	archiveVersion = 1;
	classes = {
	};
	objectVersion = 46;
	objects = {

/* Begin PBXBuildFile section */
		44CE35AEE46B6DAF344150B9 /* Pods_Mediator_Profile.framework in Frameworks */ = {isa = PBXBuildFile; fileRef = 0AF976A64A52CC5F2254C987 /* Pods_Mediator_Profile.framework */; };
		EDEF3A861E66907D006C9F4E /* AppDelegate.swift in Sources */ = {isa = PBXBuildFile; fileRef = EDEF3A851E66907D006C9F4E /* AppDelegate.swift */; };
		EDEF3A881E66907D006C9F4E /* ViewController.swift in Sources */ = {isa = PBXBuildFile; fileRef = EDEF3A871E66907D006C9F4E /* ViewController.swift */; };
		EDEF3A8B1E66907D006C9F4E /* Main.storyboard in Resources */ = {isa = PBXBuildFile; fileRef = EDEF3A891E66907D006C9F4E /* Main.storyboard */; };
		EDEF3A8D1E66907D006C9F4E /* Assets.xcassets in Resources */ = {isa = PBXBuildFile; fileRef = EDEF3A8C1E66907D006C9F4E /* Assets.xcassets */; };
		EDEF3A901E66907D006C9F4E /* LaunchScreen.storyboard in Resources */ = {isa = PBXBuildFile; fileRef = EDEF3A8E1E66907D006C9F4E /* LaunchScreen.storyboard */; };
		EDEF3A9A1E6690A8006C9F4E /* Mediator+Profile.swift in Sources */ = {isa = PBXBuildFile; fileRef = EDEF3A981E6690A8006C9F4E /* Mediator+Profile.swift */; };
		EDEF3A9B1E6690A8006C9F4E /* Profile.swift in Sources */ = {isa = PBXBuildFile; fileRef = EDEF3A991E6690A8006C9F4E /* Profile.swift */; };
/* End PBXBuildFile section */

/* Begin PBXFileReference section */
		0AF976A64A52CC5F2254C987 /* Pods_Mediator_Profile.framework */ = {isa = PBXFileReference; explicitFileType = wrapper.framework; includeInIndex = 0; path = Pods_Mediator_Profile.framework; sourceTree = BUILT_PRODUCTS_DIR; };
		6DF519213FA457F843251901 /* Pods-Mediator+Profile.release.xcconfig */ = {isa = PBXFileReference; includeInIndex = 1; lastKnownFileType = text.xcconfig; name = "Pods-Mediator+Profile.release.xcconfig"; path = "Pods/Target Support Files/Pods-Mediator+Profile/Pods-Mediator+Profile.release.xcconfig"; sourceTree = "<group>"; };
		E90647443960B0EA2DE232A7 /* Pods-Mediator+Profile.debug.xcconfig */ = {isa = PBXFileReference; includeInIndex = 1; lastKnownFileType = text.xcconfig; name = "Pods-Mediator+Profile.debug.xcconfig"; path = "Pods/Target Support Files/Pods-Mediator+Profile/Pods-Mediator+Profile.debug.xcconfig"; sourceTree = "<group>"; };
		EDEF3A821E66907D006C9F4E /* Mediator+Profile.app */ = {isa = PBXFileReference; explicitFileType = wrapper.application; includeInIndex = 0; path = "Mediator+Profile.app"; sourceTree = BUILT_PRODUCTS_DIR; };
		EDEF3A851E66907D006C9F4E /* AppDelegate.swift */ = {isa = PBXFileReference; lastKnownFileType = sourcecode.swift; path = AppDelegate.swift; sourceTree = "<group>"; };
		EDEF3A871E66907D006C9F4E /* ViewController.swift */ = {isa = PBXFileReference; lastKnownFileType = sourcecode.swift; path = ViewController.swift; sourceTree = "<group>"; };
		EDEF3A8A1E66907D006C9F4E /* Base */ = {isa = PBXFileReference; lastKnownFileType = file.storyboard; name = Base; path = Base.lproj/Main.storyboard; sourceTree = "<group>"; };
		EDEF3A8C1E66907D006C9F4E /* Assets.xcassets */ = {isa = PBXFileReference; lastKnownFileType = folder.assetcatalog; path = Assets.xcassets; sourceTree = "<group>"; };
		EDEF3A8F1E66907D006C9F4E /* Base */ = {isa = PBXFileReference; lastKnownFileType = file.storyboard; name = Base; path = Base.lproj/LaunchScreen.storyboard; sourceTree = "<group>"; };
		EDEF3A911E66907D006C9F4E /* Info.plist */ = {isa = PBXFileReference; lastKnownFileType = text.plist.xml; path = Info.plist; sourceTree = "<group>"; };
		EDEF3A981E6690A8006C9F4E /* Mediator+Profile.swift */ = {isa = PBXFileReference; fileEncoding = 4; lastKnownFileType = sourcecode.swift; path = "Mediator+Profile.swift"; sourceTree = "<group>"; };
		EDEF3A991E6690A8006C9F4E /* Profile.swift */ = {isa = PBXFileReference; fileEncoding = 4; lastKnownFileType = sourcecode.swift; path = Profile.swift; sourceTree = "<group>"; };
/* End PBXFileReference section */

/* Begin PBXFrameworksBuildPhase section */
		EDEF3A7F1E66907D006C9F4E /* Frameworks */ = {
			isa = PBXFrameworksBuildPhase;
			buildActionMask = 2147483647;
			files = (
				44CE35AEE46B6DAF344150B9 /* Pods_Mediator_Profile.framework in Frameworks */,
			);
			runOnlyForDeploymentPostprocessing = 0;
		};
/* End PBXFrameworksBuildPhase section */

/* Begin PBXGroup section */
		4B93F81DA8C9A622B06433D7 /* Frameworks */ = {
			isa = PBXGroup;
			children = (
				0AF976A64A52CC5F2254C987 /* Pods_Mediator_Profile.framework */,
			);
			name = Frameworks;
			sourceTree = "<group>";
		};
		B471412C24CA74138BA61BBB /* Pods */ = {
			isa = PBXGroup;
			children = (
				E90647443960B0EA2DE232A7 /* Pods-Mediator+Profile.debug.xcconfig */,
				6DF519213FA457F843251901 /* Pods-Mediator+Profile.release.xcconfig */,
			);
			name = Pods;
			sourceTree = "<group>";
		};
		EDEF3A791E66907D006C9F4E = {
			isa = PBXGroup;
			children = (
				EDEF3A841E66907D006C9F4E /* Mediator+Profile */,
				EDEF3A831E66907D006C9F4E /* Products */,
				B471412C24CA74138BA61BBB /* Pods */,
				4B93F81DA8C9A622B06433D7 /* Frameworks */,
			);
			sourceTree = "<group>";
		};
		EDEF3A831E66907D006C9F4E /* Products */ = {
			isa = PBXGroup;
			children = (
				EDEF3A821E66907D006C9F4E /* Mediator+Profile.app */,
			);
			name = Products;
			sourceTree = "<group>";
		};
		EDEF3A841E66907D006C9F4E /* Mediator+Profile */ = {
			isa = PBXGroup;
			children = (
				EDEF3A971E6690A8006C9F4E /* Mediator+Profile */,
				EDEF3A851E66907D006C9F4E /* AppDelegate.swift */,
				EDEF3A871E66907D006C9F4E /* ViewController.swift */,
				EDEF3A891E66907D006C9F4E /* Main.storyboard */,
				EDEF3A8C1E66907D006C9F4E /* Assets.xcassets */,
				EDEF3A8E1E66907D006C9F4E /* LaunchScreen.storyboard */,
				EDEF3A911E66907D006C9F4E /* Info.plist */,
			);
			path = "Mediator+Profile";
			sourceTree = "<group>";
		};
		EDEF3A971E6690A8006C9F4E /* Mediator+Profile */ = {
			isa = PBXGroup;
			children = (
				EDEF3A981E6690A8006C9F4E /* Mediator+Profile.swift */,
				EDEF3A991E6690A8006C9F4E /* Profile.swift */,
			);
			path = "Mediator+Profile";
			sourceTree = "<group>";
		};
/* End PBXGroup section */

/* Begin PBXNativeTarget section */
		EDEF3A811E66907D006C9F4E /* Mediator+Profile */ = {
			isa = PBXNativeTarget;
			buildConfigurationList = EDEF3A941E66907D006C9F4E /* Build configuration list for PBXNativeTarget "Mediator+Profile" */;
			buildPhases = (
				29B77FAEC31484CB8EAC5B1D /* [CP] Check Pods Manifest.lock */,
				EDEF3A7E1E66907D006C9F4E /* Sources */,
				EDEF3A7F1E66907D006C9F4E /* Frameworks */,
				EDEF3A801E66907D006C9F4E /* Resources */,
				83C6A6167958F20130DD4BAB /* [CP] Embed Pods Frameworks */,
				8EDD8979419F88116DE469A0 /* [CP] Copy Pods Resources */,
			);
			buildRules = (
			);
			dependencies = (
			);
			name = "Mediator+Profile";
			productName = "Mediator+Profile";
			productReference = EDEF3A821E66907D006C9F4E /* Mediator+Profile.app */;
			productType = "com.apple.product-type.application";
		};
/* End PBXNativeTarget section */

/* Begin PBXProject section */
		EDEF3A7A1E66907D006C9F4E /* Project object */ = {
			isa = PBXProject;
			attributes = {
				LastSwiftUpdateCheck = 0820;
				LastUpgradeCheck = 0820;
				ORGANIZATIONNAME = Limon.F;
				TargetAttributes = {
					EDEF3A811E66907D006C9F4E = {
						CreatedOnToolsVersion = 8.2.1;
						ProvisioningStyle = Automatic;
					};
				};
			};
			buildConfigurationList = EDEF3A7D1E66907D006C9F4E /* Build configuration list for PBXProject "Mediator+Profile" */;
			compatibilityVersion = "Xcode 3.2";
			developmentRegion = English;
			hasScannedForEncodings = 0;
			knownRegions = (
				en,
				Base,
			);
			mainGroup = EDEF3A791E66907D006C9F4E;
			productRefGroup = EDEF3A831E66907D006C9F4E /* Products */;
			projectDirPath = "";
			projectRoot = "";
			targets = (
				EDEF3A811E66907D006C9F4E /* Mediator+Profile */,
			);
		};
/* End PBXProject section */

/* Begin PBXResourcesBuildPhase section */
		EDEF3A801E66907D006C9F4E /* Resources */ = {
			isa = PBXResourcesBuildPhase;
			buildActionMask = 2147483647;
			files = (
				EDEF3A901E66907D006C9F4E /* LaunchScreen.storyboard in Resources */,
				EDEF3A8D1E66907D006C9F4E /* Assets.xcassets in Resources */,
				EDEF3A8B1E66907D006C9F4E /* Main.storyboard in Resources */,
			);
			runOnlyForDeploymentPostprocessing = 0;
		};
/* End PBXResourcesBuildPhase section */

/* Begin PBXShellScriptBuildPhase section */
		29B77FAEC31484CB8EAC5B1D /* [CP] Check Pods Manifest.lock */ = {
			isa = PBXShellScriptBuildPhase;
			buildActionMask = 2147483647;
			files = (
			);
			inputPaths = (
			);
			name = "[CP] Check Pods Manifest.lock";
			outputPaths = (
			);
			runOnlyForDeploymentPostprocessing = 0;
			shellPath = /bin/sh;
			shellScript = "diff \"${PODS_ROOT}/../Podfile.lock\" \"${PODS_ROOT}/Manifest.lock\" > /dev/null\nif [ $? != 0 ] ; then\n    # print error to STDERR\n    echo \"error: The sandbox is not in sync with the Podfile.lock. Run 'pod install' or update your CocoaPods installation.\" >&2\n    exit 1\nfi\n";
			showEnvVarsInLog = 0;
		};
		83C6A6167958F20130DD4BAB /* [CP] Embed Pods Frameworks */ = {
			isa = PBXShellScriptBuildPhase;
			buildActionMask = 2147483647;
			files = (
			);
			inputPaths = (
			);
			name = "[CP] Embed Pods Frameworks";
			outputPaths = (
			);
			runOnlyForDeploymentPostprocessing = 0;
			shellPath = /bin/sh;
			shellScript = "\"${SRCROOT}/Pods/Target Support Files/Pods-Mediator+Profile/Pods-Mediator+Profile-frameworks.sh\"\n";
			showEnvVarsInLog = 0;
		};
		8EDD8979419F88116DE469A0 /* [CP] Copy Pods Resources */ = {
			isa = PBXShellScriptBuildPhase;
			buildActionMask = 2147483647;
			files = (
			);
			inputPaths = (
			);
			name = "[CP] Copy Pods Resources";
			outputPaths = (
			);
			runOnlyForDeploymentPostprocessing = 0;
			shellPath = /bin/sh;
			shellScript = "\"${SRCROOT}/Pods/Target Support Files/Pods-Mediator+Profile/Pods-Mediator+Profile-resources.sh\"\n";
			showEnvVarsInLog = 0;
		};
/* End PBXShellScriptBuildPhase section */

/* Begin PBXSourcesBuildPhase section */
		EDEF3A7E1E66907D006C9F4E /* Sources */ = {
			isa = PBXSourcesBuildPhase;
			buildActionMask = 2147483647;
			files = (
				EDEF3A9A1E6690A8006C9F4E /* Mediator+Profile.swift in Sources */,
				EDEF3A9B1E6690A8006C9F4E /* Profile.swift in Sources */,
				EDEF3A881E66907D006C9F4E /* ViewController.swift in Sources */,
				EDEF3A861E66907D006C9F4E /* AppDelegate.swift in Sources */,
			);
			runOnlyForDeploymentPostprocessing = 0;
		};
/* End PBXSourcesBuildPhase section */

/* Begin PBXVariantGroup section */
		EDEF3A891E66907D006C9F4E /* Main.storyboard */ = {
			isa = PBXVariantGroup;
			children = (
				EDEF3A8A1E66907D006C9F4E /* Base */,
			);
			name = Main.storyboard;
			sourceTree = "<group>";
		};
		EDEF3A8E1E66907D006C9F4E /* LaunchScreen.storyboard */ = {
			isa = PBXVariantGroup;
			children = (
				EDEF3A8F1E66907D006C9F4E /* Base */,
			);
			name = LaunchScreen.storyboard;
			sourceTree = "<group>";
		};
/* End PBXVariantGroup section */

/* Begin XCBuildConfiguration section */
		EDEF3A921E66907D006C9F4E /* Debug */ = {
			isa = XCBuildConfiguration;
			buildSettings = {
				ALWAYS_SEARCH_USER_PATHS = NO;
				CLANG_ANALYZER_NONNULL = YES;
				CLANG_CXX_LANGUAGE_STANDARD = "gnu++0x";
				CLANG_CXX_LIBRARY = "libc++";
				CLANG_ENABLE_MODULES = YES;
				CLANG_ENABLE_OBJC_ARC = YES;
				CLANG_WARN_BOOL_CONVERSION = YES;
				CLANG_WARN_CONSTANT_CONVERSION = YES;
				CLANG_WARN_DIRECT_OBJC_ISA_USAGE = YES_ERROR;
				CLANG_WARN_DOCUMENTATION_COMMENTS = YES;
				CLANG_WARN_EMPTY_BODY = YES;
				CLANG_WARN_ENUM_CONVERSION = YES;
				CLANG_WARN_INFINITE_RECURSION = YES;
				CLANG_WARN_INT_CONVERSION = YES;
				CLANG_WARN_OBJC_ROOT_CLASS = YES_ERROR;
				CLANG_WARN_SUSPICIOUS_MOVE = YES;
				CLANG_WARN_UNREACHABLE_CODE = YES;
				CLANG_WARN__DUPLICATE_METHOD_MATCH = YES;
				"CODE_SIGN_IDENTITY[sdk=iphoneos*]" = "iPhone Developer";
				COPY_PHASE_STRIP = NO;
				DEBUG_INFORMATION_FORMAT = dwarf;
				ENABLE_STRICT_OBJC_MSGSEND = YES;
				ENABLE_TESTABILITY = YES;
				GCC_C_LANGUAGE_STANDARD = gnu99;
				GCC_DYNAMIC_NO_PIC = NO;
				GCC_NO_COMMON_BLOCKS = YES;
				GCC_OPTIMIZATION_LEVEL = 0;
				GCC_PREPROCESSOR_DEFINITIONS = (
					"DEBUG=1",
					"$(inherited)",
				);
				GCC_WARN_64_TO_32_BIT_CONVERSION = YES;
				GCC_WARN_ABOUT_RETURN_TYPE = YES_ERROR;
				GCC_WARN_UNDECLARED_SELECTOR = YES;
				GCC_WARN_UNINITIALIZED_AUTOS = YES_AGGRESSIVE;
				GCC_WARN_UNUSED_FUNCTION = YES;
				GCC_WARN_UNUSED_VARIABLE = YES;
				IPHONEOS_DEPLOYMENT_TARGET = 8.0;
				MTL_ENABLE_DEBUG_INFO = YES;
				ONLY_ACTIVE_ARCH = YES;
				SDKROOT = iphoneos;
				SWIFT_ACTIVE_COMPILATION_CONDITIONS = DEBUG;
				SWIFT_OPTIMIZATION_LEVEL = "-Onone";
			};
			name = Debug;
		};
		EDEF3A931E66907D006C9F4E /* Release */ = {
			isa = XCBuildConfiguration;
			buildSettings = {
				ALWAYS_SEARCH_USER_PATHS = NO;
				CLANG_ANALYZER_NONNULL = YES;
				CLANG_CXX_LANGUAGE_STANDARD = "gnu++0x";
				CLANG_CXX_LIBRARY = "libc++";
				CLANG_ENABLE_MODULES = YES;
				CLANG_ENABLE_OBJC_ARC = YES;
				CLANG_WARN_BOOL_CONVERSION = YES;
				CLANG_WARN_CONSTANT_CONVERSION = YES;
				CLANG_WARN_DIRECT_OBJC_ISA_USAGE = YES_ERROR;
				CLANG_WARN_DOCUMENTATION_COMMENTS = YES;
				CLANG_WARN_EMPTY_BODY = YES;
				CLANG_WARN_ENUM_CONVERSION = YES;
				CLANG_WARN_INFINITE_RECURSION = YES;
				CLANG_WARN_INT_CONVERSION = YES;
				CLANG_WARN_OBJC_ROOT_CLASS = YES_ERROR;
				CLANG_WARN_SUSPICIOUS_MOVE = YES;
				CLANG_WARN_UNREACHABLE_CODE = YES;
				CLANG_WARN__DUPLICATE_METHOD_MATCH = YES;
				"CODE_SIGN_IDENTITY[sdk=iphoneos*]" = "iPhone Developer";
				COPY_PHASE_STRIP = NO;
				DEBUG_INFORMATION_FORMAT = "dwarf-with-dsym";
				ENABLE_NS_ASSERTIONS = NO;
				ENABLE_STRICT_OBJC_MSGSEND = YES;
				GCC_C_LANGUAGE_STANDARD = gnu99;
				GCC_NO_COMMON_BLOCKS = YES;
				GCC_WARN_64_TO_32_BIT_CONVERSION = YES;
				GCC_WARN_ABOUT_RETURN_TYPE = YES_ERROR;
				GCC_WARN_UNDECLARED_SELECTOR = YES;
				GCC_WARN_UNINITIALIZED_AUTOS = YES_AGGRESSIVE;
				GCC_WARN_UNUSED_FUNCTION = YES;
				GCC_WARN_UNUSED_VARIABLE = YES;
				IPHONEOS_DEPLOYMENT_TARGET = 8.0;
				MTL_ENABLE_DEBUG_INFO = NO;
				SDKROOT = iphoneos;
				SWIFT_OPTIMIZATION_LEVEL = "-Owholemodule";
				VALIDATE_PRODUCT = YES;
			};
			name = Release;
		};
		EDEF3A951E66907D006C9F4E /* Debug */ = {
			isa = XCBuildConfiguration;
			baseConfigurationReference = E90647443960B0EA2DE232A7 /* Pods-Mediator+Profile.debug.xcconfig */;
			buildSettings = {
				ASSETCATALOG_COMPILER_APPICON_NAME = AppIcon;
				INFOPLIST_FILE = "Mediator+Profile/Info.plist";
				LD_RUNPATH_SEARCH_PATHS = "$(inherited) @executable_path/Frameworks";
				PRODUCT_BUNDLE_IDENTIFIER = "top.limon.Mediator-Profile";
				PRODUCT_NAME = "$(TARGET_NAME)";
				SWIFT_VERSION = 3.0;
			};
			name = Debug;
		};
		EDEF3A961E66907D006C9F4E /* Release */ = {
			isa = XCBuildConfiguration;
			baseConfigurationReference = 6DF519213FA457F843251901 /* Pods-Mediator+Profile.release.xcconfig */;
			buildSettings = {
				ASSETCATALOG_COMPILER_APPICON_NAME = AppIcon;
				INFOPLIST_FILE = "Mediator+Profile/Info.plist";
				LD_RUNPATH_SEARCH_PATHS = "$(inherited) @executable_path/Frameworks";
				PRODUCT_BUNDLE_IDENTIFIER = "top.limon.Mediator-Profile";
				PRODUCT_NAME = "$(TARGET_NAME)";
				SWIFT_VERSION = 3.0;
			};
			name = Release;
		};
/* End XCBuildConfiguration section */

/* Begin XCConfigurationList section */
		EDEF3A7D1E66907D006C9F4E /* Build configuration list for PBXProject "Mediator+Profile" */ = {
			isa = XCConfigurationList;
			buildConfigurations = (
				EDEF3A921E66907D006C9F4E /* Debug */,
				EDEF3A931E66907D006C9F4E /* Release */,
			);
			defaultConfigurationIsVisible = 0;
			defaultConfigurationName = Release;
		};
		EDEF3A941E66907D006C9F4E /* Build configuration list for PBXNativeTarget "Mediator+Profile" */ = {
			isa = XCConfigurationList;
			buildConfigurations = (
				EDEF3A951E66907D006C9F4E /* Debug */,
				EDEF3A961E66907D006C9F4E /* Release */,
			);
			defaultConfigurationIsVisible = 0;
		};
/* End XCConfigurationList section */
	};
	rootObject = EDEF3A7A1E66907D006C9F4E /* Project object */;
}
