PODS:
  - EggKit (1.0.1)
  - RxSwift (3.1.0)

DEPENDENCIES:
  - EggKit (from `../EggKit`)
  - RxSwift

EXTERNAL SOURCES:
  EggKit:
    :path: "../EggKit"

SPEC CHECKSUMS:
  EggKit: 4ad8e40cd8ad4cc6ff8c415546e0544b1542b2d0
  RxSwift: 83ff553e7593fdfdcb2562933a64c0284dffdadc

PODFILE CHECKSUM: b7be045b27f590aa0898481b8635eacc1ba61341

COCOAPODS: 1.2.0
