PODS:
  - EggKit (1.0.1)
  - LegoKit (1.0.1):
    - EggKit
    - RxSwift
  - RxSwift (3.2.0)

DEPENDENCIES:
  - EggKit (from `../../Frameworks/EggKit`)
  - LegoKit (from `../../Frameworks/LegoKit`)

EXTERNAL SOURCES:
  EggKit:
    :path: "../../Frameworks/EggKit"
  LegoKit:
    :path: "../../Frameworks/LegoKit"

SPEC CHECKSUMS:
  EggKit: 4ad8e40cd8ad4cc6ff8c415546e0544b1542b2d0
  LegoKit: 55617431b4cb0b53968ffc6fa0f105fff07bfbc4
  RxSwift: 46574f70d416b7923c237195939cc488a7fbf3a0

PODFILE CHECKSUM: 153025dfbd3e093e16b1b7a4a0f7429666f5f9cb

COCOAPODS: 1.2.0
