// !$*UTF8*$!
{
	archiveVersion = 1;
	classes = {
	};
	objectVersion = 46;
	objects = {

/* Begin PBXBuildFile section */
		BF3C66DEC1C7A87BFEE500A1 /* Pods_Networking.framework in Frameworks */ = {isa = PBXBuildFile; fileRef = 785A577D6CB9FCE1DCF79985 /* Pods_Networking.framework */; };
		EDCBBC821E5AF0D200769112 /* AppDelegate.swift in Sources */ = {isa = PBXBuildFile; fileRef = EDCBBC811E5AF0D200769112 /* AppDelegate.swift */; };
		EDCBBC841E5AF0D200769112 /* ViewController.swift in Sources */ = {isa = PBXBuildFile; fileRef = EDCBBC831E5AF0D200769112 /* ViewController.swift */; };
		EDCBBC871E5AF0D200769112 /* Main.storyboard in Resources */ = {isa = PBXBuildFile; fileRef = EDCBBC851E5AF0D200769112 /* Main.storyboard */; };
		EDCBBC891E5AF0D200769112 /* Assets.xcassets in Resources */ = {isa = PBXBuildFile; fileRef = EDCBBC881E5AF0D200769112 /* Assets.xcassets */; };
		EDCBBC8C1E5AF0D200769112 /* LaunchScreen.storyboard in Resources */ = {isa = PBXBuildFile; fileRef = EDCBBC8A1E5AF0D200769112 /* LaunchScreen.storyboard */; };
		EDCBBC971E5AF1B400769112 /* NetworkingService.swift in Sources */ = {isa = PBXBuildFile; fileRef = EDCBBC941E5AF1B400769112 /* NetworkingService.swift */; };
		EDCBBC981E5AF1B400769112 /* Router.swift in Sources */ = {isa = PBXBuildFile; fileRef = EDCBBC951E5AF1B400769112 /* Router.swift */; };
		EDCBBC991E5AF1B400769112 /* ServiceConfigure.swift in Sources */ = {isa = PBXBuildFile; fileRef = EDCBBC961E5AF1B400769112 /* ServiceConfigure.swift */; };
		EDCBBC9C1E5AF1CD00769112 /* NetworkingLocalizable.strings in Resources */ = {isa = PBXBuildFile; fileRef = EDCBBC9E1E5AF1CD00769112 /* NetworkingLocalizable.strings */; };
/* End PBXBuildFile section */

/* Begin PBXFileReference section */
		14F28FA3CAF56FAC7D6F6BE1 /* Pods-Networking.debug.xcconfig */ = {isa = PBXFileReference; includeInIndex = 1; lastKnownFileType = text.xcconfig; name = "Pods-Networking.debug.xcconfig"; path = "Pods/Target Support Files/Pods-Networking/Pods-Networking.debug.xcconfig"; sourceTree = "<group>"; };
		2B7D11AD4DE10FD420210EC1 /* Pods-Networking.release.xcconfig */ = {isa = PBXFileReference; includeInIndex = 1; lastKnownFileType = text.xcconfig; name = "Pods-Networking.release.xcconfig"; path = "Pods/Target Support Files/Pods-Networking/Pods-Networking.release.xcconfig"; sourceTree = "<group>"; };
		785A577D6CB9FCE1DCF79985 /* Pods_Networking.framework */ = {isa = PBXFileReference; explicitFileType = wrapper.framework; includeInIndex = 0; path = Pods_Networking.framework; sourceTree = BUILT_PRODUCTS_DIR; };
		EDCBBC7E1E5AF0D200769112 /* Networking.app */ = {isa = PBXFileReference; explicitFileType = wrapper.application; includeInIndex = 0; path = Networking.app; sourceTree = BUILT_PRODUCTS_DIR; };
		EDCBBC811E5AF0D200769112 /* AppDelegate.swift */ = {isa = PBXFileReference; lastKnownFileType = sourcecode.swift; path = AppDelegate.swift; sourceTree = "<group>"; };
		EDCBBC831E5AF0D200769112 /* ViewController.swift */ = {isa = PBXFileReference; lastKnownFileType = sourcecode.swift; path = ViewController.swift; sourceTree = "<group>"; };
		EDCBBC861E5AF0D200769112 /* Base */ = {isa = PBXFileReference; lastKnownFileType = file.storyboard; name = Base; path = Base.lproj/Main.storyboard; sourceTree = "<group>"; };
		EDCBBC881E5AF0D200769112 /* Assets.xcassets */ = {isa = PBXFileReference; lastKnownFileType = folder.assetcatalog; path = Assets.xcassets; sourceTree = "<group>"; };
		EDCBBC8B1E5AF0D200769112 /* Base */ = {isa = PBXFileReference; lastKnownFileType = file.storyboard; name = Base; path = Base.lproj/LaunchScreen.storyboard; sourceTree = "<group>"; };
		EDCBBC8D1E5AF0D200769112 /* Info.plist */ = {isa = PBXFileReference; lastKnownFileType = text.plist.xml; path = Info.plist; sourceTree = "<group>"; };
		EDCBBC941E5AF1B400769112 /* NetworkingService.swift */ = {isa = PBXFileReference; fileEncoding = 4; lastKnownFileType = sourcecode.swift; path = NetworkingService.swift; sourceTree = "<group>"; };
		EDCBBC951E5AF1B400769112 /* Router.swift */ = {isa = PBXFileReference; fileEncoding = 4; lastKnownFileType = sourcecode.swift; path = Router.swift; sourceTree = "<group>"; };
		EDCBBC961E5AF1B400769112 /* ServiceConfigure.swift */ = {isa = PBXFileReference; fileEncoding = 4; lastKnownFileType = sourcecode.swift; path = ServiceConfigure.swift; sourceTree = "<group>"; };
		EDCBBC9D1E5AF1CD00769112 /* en */ = {isa = PBXFileReference; lastKnownFileType = text.plist.strings; name = en; path = en.lproj/NetworkingLocalizable.strings; sourceTree = "<group>"; };
		EDCBBC9F1E5AF1DB00769112 /* zh-Hans */ = {isa = PBXFileReference; lastKnownFileType = text.plist.strings; name = "zh-Hans"; path = "zh-Hans.lproj/NetworkingLocalizable.strings"; sourceTree = "<group>"; };
/* End PBXFileReference section */

/* Begin PBXFrameworksBuildPhase section */
		EDCBBC7B1E5AF0D200769112 /* Frameworks */ = {
			isa = PBXFrameworksBuildPhase;
			buildActionMask = 2147483647;
			files = (
				BF3C66DEC1C7A87BFEE500A1 /* Pods_Networking.framework in Frameworks */,
			);
			runOnlyForDeploymentPostprocessing = 0;
		};
/* End PBXFrameworksBuildPhase section */

/* Begin PBXGroup section */
		324F2E06AECB04D639663178 /* Pods */ = {
			isa = PBXGroup;
			children = (
				14F28FA3CAF56FAC7D6F6BE1 /* Pods-Networking.debug.xcconfig */,
				2B7D11AD4DE10FD420210EC1 /* Pods-Networking.release.xcconfig */,
			);
			name = Pods;
			sourceTree = "<group>";
		};
		6C5682A0AF7B6DF5B981B116 /* Frameworks */ = {
			isa = PBXGroup;
			children = (
				785A577D6CB9FCE1DCF79985 /* Pods_Networking.framework */,
			);
			name = Frameworks;
			sourceTree = "<group>";
		};
		EDCBBC751E5AF0D200769112 = {
			isa = PBXGroup;
			children = (
				EDCBBC801E5AF0D200769112 /* Networking */,
				EDCBBC7F1E5AF0D200769112 /* Products */,
				324F2E06AECB04D639663178 /* Pods */,
				6C5682A0AF7B6DF5B981B116 /* Frameworks */,
			);
			sourceTree = "<group>";
		};
		EDCBBC7F1E5AF0D200769112 /* Products */ = {
			isa = PBXGroup;
			children = (
				EDCBBC7E1E5AF0D200769112 /* Networking.app */,
			);
			name = Products;
			sourceTree = "<group>";
		};
		EDCBBC801E5AF0D200769112 /* Networking */ = {
			isa = PBXGroup;
			children = (
				EDCBBC931E5AF16600769112 /* Networking */,
				EDCBBC811E5AF0D200769112 /* AppDelegate.swift */,
				EDCBBC831E5AF0D200769112 /* ViewController.swift */,
				EDCBBC851E5AF0D200769112 /* Main.storyboard */,
				EDCBBC881E5AF0D200769112 /* Assets.xcassets */,
				EDCBBC8A1E5AF0D200769112 /* LaunchScreen.storyboard */,
				EDCBBC8D1E5AF0D200769112 /* Info.plist */,
			);
			path = Networking;
			sourceTree = "<group>";
		};
		EDCBBC931E5AF16600769112 /* Networking */ = {
			isa = PBXGroup;
			children = (
				EDCBBC951E5AF1B400769112 /* Router.swift */,
				EDCBBC941E5AF1B400769112 /* NetworkingService.swift */,
				EDCBBC961E5AF1B400769112 /* ServiceConfigure.swift */,
				EDCBBC9E1E5AF1CD00769112 /* NetworkingLocalizable.strings */,
			);
			path = Networking;
			sourceTree = "<group>";
		};
/* End PBXGroup section */

/* Begin PBXNativeTarget section */
		EDCBBC7D1E5AF0D200769112 /* Networking */ = {
			isa = PBXNativeTarget;
			buildConfigurationList = EDCBBC901E5AF0D200769112 /* Build configuration list for PBXNativeTarget "Networking" */;
			buildPhases = (
				27DF8A56F50323BAB6857CDB /* [CP] Check Pods Manifest.lock */,
				EDCBBC7A1E5AF0D200769112 /* Sources */,
				EDCBBC7B1E5AF0D200769112 /* Frameworks */,
				EDCBBC7C1E5AF0D200769112 /* Resources */,
				8C02E0540E3C6849A69776B7 /* [CP] Embed Pods Frameworks */,
				F968C804C27A09AAD9FD1D00 /* [CP] Copy Pods Resources */,
			);
			buildRules = (
			);
			dependencies = (
			);
			name = Networking;
			productName = Networking;
			productReference = EDCBBC7E1E5AF0D200769112 /* Networking.app */;
			productType = "com.apple.product-type.application";
		};
/* End PBXNativeTarget section */

/* Begin PBXProject section */
		EDCBBC761E5AF0D200769112 /* Project object */ = {
			isa = PBXProject;
			attributes = {
				LastSwiftUpdateCheck = 0820;
				LastUpgradeCheck = 0820;
				ORGANIZATIONNAME = Limon.F;
				TargetAttributes = {
					EDCBBC7D1E5AF0D200769112 = {
						CreatedOnToolsVersion = 8.2.1;
						ProvisioningStyle = Automatic;
					};
				};
			};
			buildConfigurationList = EDCBBC791E5AF0D200769112 /* Build configuration list for PBXProject "Networking" */;
			compatibilityVersion = "Xcode 3.2";
			developmentRegion = English;
			hasScannedForEncodings = 0;
			knownRegions = (
				en,
				Base,
				"zh-Hans",
			);
			mainGroup = EDCBBC751E5AF0D200769112;
			productRefGroup = EDCBBC7F1E5AF0D200769112 /* Products */;
			projectDirPath = "";
			projectRoot = "";
			targets = (
				EDCBBC7D1E5AF0D200769112 /* Networking */,
			);
		};
/* End PBXProject section */

/* Begin PBXResourcesBuildPhase section */
		EDCBBC7C1E5AF0D200769112 /* Resources */ = {
			isa = PBXResourcesBuildPhase;
			buildActionMask = 2147483647;
			files = (
				EDCBBC8C1E5AF0D200769112 /* LaunchScreen.storyboard in Resources */,
				EDCBBC891E5AF0D200769112 /* Assets.xcassets in Resources */,
				EDCBBC871E5AF0D200769112 /* Main.storyboard in Resources */,
				EDCBBC9C1E5AF1CD00769112 /* NetworkingLocalizable.strings in Resources */,
			);
			runOnlyForDeploymentPostprocessing = 0;
		};
/* End PBXResourcesBuildPhase section */

/* Begin PBXShellScriptBuildPhase section */
		27DF8A56F50323BAB6857CDB /* [CP] Check Pods Manifest.lock */ = {
			isa = PBXShellScriptBuildPhase;
			buildActionMask = 2147483647;
			files = (
			);
			inputPaths = (
			);
			name = "[CP] Check Pods Manifest.lock";
			outputPaths = (
			);
			runOnlyForDeploymentPostprocessing = 0;
			shellPath = /bin/sh;
			shellScript = "diff \"${PODS_ROOT}/../Podfile.lock\" \"${PODS_ROOT}/Manifest.lock\" > /dev/null\nif [ $? != 0 ] ; then\n    # print error to STDERR\n    echo \"error: The sandbox is not in sync with the Podfile.lock. Run 'pod install' or update your CocoaPods installation.\" >&2\n    exit 1\nfi\n";
			showEnvVarsInLog = 0;
		};
		8C02E0540E3C6849A69776B7 /* [CP] Embed Pods Frameworks */ = {
			isa = PBXShellScriptBuildPhase;
			buildActionMask = 2147483647;
			files = (
			);
			inputPaths = (
			);
			name = "[CP] Embed Pods Frameworks";
			outputPaths = (
			);
			runOnlyForDeploymentPostprocessing = 0;
			shellPath = /bin/sh;
			shellScript = "\"${SRCROOT}/Pods/Target Support Files/Pods-Networking/Pods-Networking-frameworks.sh\"\n";
			showEnvVarsInLog = 0;
		};
		F968C804C27A09AAD9FD1D00 /* [CP] Copy Pods Resources */ = {
			isa = PBXShellScriptBuildPhase;
			buildActionMask = 2147483647;
			files = (
			);
			inputPaths = (
			);
			name = "[CP] Copy Pods Resources";
			outputPaths = (
			);
			runOnlyForDeploymentPostprocessing = 0;
			shellPath = /bin/sh;
			shellScript = "\"${SRCROOT}/Pods/Target Support Files/Pods-Networking/Pods-Networking-resources.sh\"\n";
			showEnvVarsInLog = 0;
		};
/* End PBXShellScriptBuildPhase section */

/* Begin PBXSourcesBuildPhase section */
		EDCBBC7A1E5AF0D200769112 /* Sources */ = {
			isa = PBXSourcesBuildPhase;
			buildActionMask = 2147483647;
			files = (
				EDCBBC991E5AF1B400769112 /* ServiceConfigure.swift in Sources */,
				EDCBBC981E5AF1B400769112 /* Router.swift in Sources */,
				EDCBBC971E5AF1B400769112 /* NetworkingService.swift in Sources */,
				EDCBBC841E5AF0D200769112 /* ViewController.swift in Sources */,
				EDCBBC821E5AF0D200769112 /* AppDelegate.swift in Sources */,
			);
			runOnlyForDeploymentPostprocessing = 0;
		};
/* End PBXSourcesBuildPhase section */

/* Begin PBXVariantGroup section */
		EDCBBC851E5AF0D200769112 /* Main.storyboard */ = {
			isa = PBXVariantGroup;
			children = (
				EDCBBC861E5AF0D200769112 /* Base */,
			);
			name = Main.storyboard;
			sourceTree = "<group>";
		};
		EDCBBC8A1E5AF0D200769112 /* LaunchScreen.storyboard */ = {
			isa = PBXVariantGroup;
			children = (
				EDCBBC8B1E5AF0D200769112 /* Base */,
			);
			name = LaunchScreen.storyboard;
			sourceTree = "<group>";
		};
		EDCBBC9E1E5AF1CD00769112 /* NetworkingLocalizable.strings */ = {
			isa = PBXVariantGroup;
			children = (
				EDCBBC9D1E5AF1CD00769112 /* en */,
				EDCBBC9F1E5AF1DB00769112 /* zh-Hans */,
			);
			name = NetworkingLocalizable.strings;
			sourceTree = "<group>";
		};
/* End PBXVariantGroup section */

/* Begin XCBuildConfiguration section */
		EDCBBC8E1E5AF0D200769112 /* Debug */ = {
			isa = XCBuildConfiguration;
			buildSettings = {
				ALWAYS_SEARCH_USER_PATHS = NO;
				CLANG_ANALYZER_LOCALIZABILITY_NONLOCALIZED = YES;
				CLANG_ANALYZER_NONNULL = YES;
				CLANG_CXX_LANGUAGE_STANDARD = "gnu++0x";
				CLANG_CXX_LIBRARY = "libc++";
				CLANG_ENABLE_MODULES = YES;
				CLANG_ENABLE_OBJC_ARC = YES;
				CLANG_WARN_BOOL_CONVERSION = YES;
				CLANG_WARN_CONSTANT_CONVERSION = YES;
				CLANG_WARN_DIRECT_OBJC_ISA_USAGE = YES_ERROR;
				CLANG_WARN_DOCUMENTATION_COMMENTS = YES;
				CLANG_WARN_EMPTY_BODY = YES;
				CLANG_WARN_ENUM_CONVERSION = YES;
				CLANG_WARN_INFINITE_RECURSION = YES;
				CLANG_WARN_INT_CONVERSION = YES;
				CLANG_WARN_OBJC_ROOT_CLASS = YES_ERROR;
				CLANG_WARN_SUSPICIOUS_MOVE = YES;
				CLANG_WARN_UNREACHABLE_CODE = YES;
				CLANG_WARN__DUPLICATE_METHOD_MATCH = YES;
				"CODE_SIGN_IDENTITY[sdk=iphoneos*]" = "iPhone Developer";
				COPY_PHASE_STRIP = NO;
				DEBUG_INFORMATION_FORMAT = dwarf;
				ENABLE_STRICT_OBJC_MSGSEND = YES;
				ENABLE_TESTABILITY = YES;
				GCC_C_LANGUAGE_STANDARD = gnu99;
				GCC_DYNAMIC_NO_PIC = NO;
				GCC_NO_COMMON_BLOCKS = YES;
				GCC_OPTIMIZATION_LEVEL = 0;
				GCC_PREPROCESSOR_DEFINITIONS = (
					"DEBUG=1",
					"$(inherited)",
				);
				GCC_WARN_64_TO_32_BIT_CONVERSION = YES;
				GCC_WARN_ABOUT_RETURN_TYPE = YES_ERROR;
				GCC_WARN_UNDECLARED_SELECTOR = YES;
				GCC_WARN_UNINITIALIZED_AUTOS = YES_AGGRESSIVE;
				GCC_WARN_UNUSED_FUNCTION = YES;
				GCC_WARN_UNUSED_VARIABLE = YES;
				IPHONEOS_DEPLOYMENT_TARGET = 8.0;
				MTL_ENABLE_DEBUG_INFO = YES;
				ONLY_ACTIVE_ARCH = YES;
				SDKROOT = iphoneos;
				SWIFT_ACTIVE_COMPILATION_CONDITIONS = DEBUG;
				SWIFT_OPTIMIZATION_LEVEL = "-Onone";
			};
			name = Debug;
		};
		EDCBBC8F1E5AF0D200769112 /* Release */ = {
			isa = XCBuildConfiguration;
			buildSettings = {
				ALWAYS_SEARCH_USER_PATHS = NO;
				CLANG_ANALYZER_LOCALIZABILITY_NONLOCALIZED = YES;
				CLANG_ANALYZER_NONNULL = YES;
				CLANG_CXX_LANGUAGE_STANDARD = "gnu++0x";
				CLANG_CXX_LIBRARY = "libc++";
				CLANG_ENABLE_MODULES = YES;
				CLANG_ENABLE_OBJC_ARC = YES;
				CLANG_WARN_BOOL_CONVERSION = YES;
				CLANG_WARN_CONSTANT_CONVERSION = YES;
				CLANG_WARN_DIRECT_OBJC_ISA_USAGE = YES_ERROR;
				CLANG_WARN_DOCUMENTATION_COMMENTS = YES;
				CLANG_WARN_EMPTY_BODY = YES;
				CLANG_WARN_ENUM_CONVERSION = YES;
				CLANG_WARN_INFINITE_RECURSION = YES;
				CLANG_WARN_INT_CONVERSION = YES;
				CLANG_WARN_OBJC_ROOT_CLASS = YES_ERROR;
				CLANG_WARN_SUSPICIOUS_MOVE = YES;
				CLANG_WARN_UNREACHABLE_CODE = YES;
				CLANG_WARN__DUPLICATE_METHOD_MATCH = YES;
				"CODE_SIGN_IDENTITY[sdk=iphoneos*]" = "iPhone Developer";
				COPY_PHASE_STRIP = NO;
				DEBUG_INFORMATION_FORMAT = "dwarf-with-dsym";
				ENABLE_NS_ASSERTIONS = NO;
				ENABLE_STRICT_OBJC_MSGSEND = YES;
				GCC_C_LANGUAGE_STANDARD = gnu99;
				GCC_NO_COMMON_BLOCKS = YES;
				GCC_WARN_64_TO_32_BIT_CONVERSION = YES;
				GCC_WARN_ABOUT_RETURN_TYPE = YES_ERROR;
				GCC_WARN_UNDECLARED_SELECTOR = YES;
				GCC_WARN_UNINITIALIZED_AUTOS = YES_AGGRESSIVE;
				GCC_WARN_UNUSED_FUNCTION = YES;
				GCC_WARN_UNUSED_VARIABLE = YES;
				IPHONEOS_DEPLOYMENT_TARGET = 8.0;
				MTL_ENABLE_DEBUG_INFO = NO;
				SDKROOT = iphoneos;
				SWIFT_OPTIMIZATION_LEVEL = "-Owholemodule";
				VALIDATE_PRODUCT = YES;
			};
			name = Release;
		};
		EDCBBC911E5AF0D200769112 /* Debug */ = {
			isa = XCBuildConfiguration;
			baseConfigurationReference = 14F28FA3CAF56FAC7D6F6BE1 /* Pods-Networking.debug.xcconfig */;
			buildSettings = {
				ASSETCATALOG_COMPILER_APPICON_NAME = AppIcon;
				INFOPLIST_FILE = Networking/Info.plist;
				LD_RUNPATH_SEARCH_PATHS = "$(inherited) @executable_path/Frameworks";
				PRODUCT_BUNDLE_IDENTIFIER = top.limon.Networking;
				PRODUCT_NAME = "$(TARGET_NAME)";
				SWIFT_VERSION = 3.0;
			};
			name = Debug;
		};
		EDCBBC921E5AF0D200769112 /* Release */ = {
			isa = XCBuildConfiguration;
			baseConfigurationReference = 2B7D11AD4DE10FD420210EC1 /* Pods-Networking.release.xcconfig */;
			buildSettings = {
				ASSETCATALOG_COMPILER_APPICON_NAME = AppIcon;
				INFOPLIST_FILE = Networking/Info.plist;
				LD_RUNPATH_SEARCH_PATHS = "$(inherited) @executable_path/Frameworks";
				PRODUCT_BUNDLE_IDENTIFIER = top.limon.Networking;
				PRODUCT_NAME = "$(TARGET_NAME)";
				SWIFT_VERSION = 3.0;
			};
			name = Release;
		};
/* End XCBuildConfiguration section */

/* Begin XCConfigurationList section */
		EDCBBC791E5AF0D200769112 /* Build configuration list for PBXProject "Networking" */ = {
			isa = XCConfigurationList;
			buildConfigurations = (
				EDCBBC8E1E5AF0D200769112 /* Debug */,
				EDCBBC8F1E5AF0D200769112 /* Release */,
			);
			defaultConfigurationIsVisible = 0;
			defaultConfigurationName = Release;
		};
		EDCBBC901E5AF0D200769112 /* Build configuration list for PBXNativeTarget "Networking" */ = {
			isa = XCConfigurationList;
			buildConfigurations = (
				EDCBBC911E5AF0D200769112 /* Debug */,
				EDCBBC921E5AF0D200769112 /* Release */,
			);
			defaultConfigurationIsVisible = 0;
			defaultConfigurationName = Release;
		};
/* End XCConfigurationList section */
	};
	rootObject = EDCBBC761E5AF0D200769112 /* Project object */;
}
