PODS:
  - LegoContext (1.0.0)
  - Mediator (0.0.4)
  - Mediator+Door (1.0.0):
    - Mediator

DEPENDENCIES:
  - LegoContext (from `../../Frameworks/LegoContext`)
  - Mediator+Door (from `../Mediator+Door`)

EXTERNAL SOURCES:
  LegoContext:
    :path: "../../Frameworks/LegoContext"
  Mediator+Door:
    :path: "../Mediator+Door"

SPEC CHECKSUMS:
  LegoContext: 950749dc632b9a6a9d380f2e726262803974e6e4
  Mediator: 48093a0d5d818cda22bb134da9ba452897f04049
  Mediator+Door: d6df37ee69efec9e6663fb12c68b39ebe2ce2364

PODFILE CHECKSUM: 5c50e1f45452c1daca9c8682b16e366ecace9d0f

COCOAPODS: 1.2.0
