// !$*UTF8*$!
{
	archiveVersion = 1;
	classes = {
	};
	objectVersion = 46;
	objects = {

/* Begin PBXBuildFile section */
		2DCA784AC23677A55A5CEBD8 /* Pods_Mediator_Door.framework in Frameworks */ = {isa = PBXBuildFile; fileRef = 40926DA1344D456B1AEEE32E /* Pods_Mediator_Door.framework */; };
		EDF72BC61E64007200B1ACAF /* AppDelegate.swift in Sources */ = {isa = PBXBuildFile; fileRef = EDF72BC51E64007200B1ACAF /* AppDelegate.swift */; };
		EDF72BC81E64007200B1ACAF /* ViewController.swift in Sources */ = {isa = PBXBuildFile; fileRef = EDF72BC71E64007200B1ACAF /* ViewController.swift */; };
		EDF72BCB1E64007200B1ACAF /* Main.storyboard in Resources */ = {isa = PBXBuildFile; fileRef = EDF72BC91E64007200B1ACAF /* Main.storyboard */; };
		EDF72BCD1E64007200B1ACAF /* Assets.xcassets in Resources */ = {isa = PBXBuildFile; fileRef = EDF72BCC1E64007200B1ACAF /* Assets.xcassets */; };
		EDF72BD01E64007200B1ACAF /* LaunchScreen.storyboard in Resources */ = {isa = PBXBuildFile; fileRef = EDF72BCE1E64007200B1ACAF /* LaunchScreen.storyboard */; };
		EDF72BDA1E6400EA00B1ACAF /* Door.swift in Sources */ = {isa = PBXBuildFile; fileRef = EDF72BD81E6400EA00B1ACAF /* Door.swift */; };
		EDF72BDB1E6400EA00B1ACAF /* Mediator+Door.swift in Sources */ = {isa = PBXBuildFile; fileRef = EDF72BD91E6400EA00B1ACAF /* Mediator+Door.swift */; };
/* End PBXBuildFile section */

/* Begin PBXFileReference section */
		395941BE1F7CF78B8C3F68B0 /* Pods-Mediator+Door.release.xcconfig */ = {isa = PBXFileReference; includeInIndex = 1; lastKnownFileType = text.xcconfig; name = "Pods-Mediator+Door.release.xcconfig"; path = "Pods/Target Support Files/Pods-Mediator+Door/Pods-Mediator+Door.release.xcconfig"; sourceTree = "<group>"; };
		40926DA1344D456B1AEEE32E /* Pods_Mediator_Door.framework */ = {isa = PBXFileReference; explicitFileType = wrapper.framework; includeInIndex = 0; path = Pods_Mediator_Door.framework; sourceTree = BUILT_PRODUCTS_DIR; };
		7F9F89B7EB0B7561035BE7D2 /* Pods-Mediator+Door.debug.xcconfig */ = {isa = PBXFileReference; includeInIndex = 1; lastKnownFileType = text.xcconfig; name = "Pods-Mediator+Door.debug.xcconfig"; path = "Pods/Target Support Files/Pods-Mediator+Door/Pods-Mediator+Door.debug.xcconfig"; sourceTree = "<group>"; };
		EDF72BC21E64007200B1ACAF /* Mediator+Door.app */ = {isa = PBXFileReference; explicitFileType = wrapper.application; includeInIndex = 0; path = "Mediator+Door.app"; sourceTree = BUILT_PRODUCTS_DIR; };
		EDF72BC51E64007200B1ACAF /* AppDelegate.swift */ = {isa = PBXFileReference; lastKnownFileType = sourcecode.swift; path = AppDelegate.swift; sourceTree = "<group>"; };
		EDF72BC71E64007200B1ACAF /* ViewController.swift */ = {isa = PBXFileReference; lastKnownFileType = sourcecode.swift; path = ViewController.swift; sourceTree = "<group>"; };
		EDF72BCA1E64007200B1ACAF /* Base */ = {isa = PBXFileReference; lastKnownFileType = file.storyboard; name = Base; path = Base.lproj/Main.storyboard; sourceTree = "<group>"; };
		EDF72BCC1E64007200B1ACAF /* Assets.xcassets */ = {isa = PBXFileReference; lastKnownFileType = folder.assetcatalog; path = Assets.xcassets; sourceTree = "<group>"; };
		EDF72BCF1E64007200B1ACAF /* Base */ = {isa = PBXFileReference; lastKnownFileType = file.storyboard; name = Base; path = Base.lproj/LaunchScreen.storyboard; sourceTree = "<group>"; };
		EDF72BD11E64007200B1ACAF /* Info.plist */ = {isa = PBXFileReference; lastKnownFileType = text.plist.xml; path = Info.plist; sourceTree = "<group>"; };
		EDF72BD81E6400EA00B1ACAF /* Door.swift */ = {isa = PBXFileReference; fileEncoding = 4; lastKnownFileType = sourcecode.swift; path = Door.swift; sourceTree = "<group>"; };
		EDF72BD91E6400EA00B1ACAF /* Mediator+Door.swift */ = {isa = PBXFileReference; fileEncoding = 4; lastKnownFileType = sourcecode.swift; path = "Mediator+Door.swift"; sourceTree = "<group>"; };
/* End PBXFileReference section */

/* Begin PBXFrameworksBuildPhase section */
		EDF72BBF1E64007200B1ACAF /* Frameworks */ = {
			isa = PBXFrameworksBuildPhase;
			buildActionMask = 2147483647;
			files = (
				2DCA784AC23677A55A5CEBD8 /* Pods_Mediator_Door.framework in Frameworks */,
			);
			runOnlyForDeploymentPostprocessing = 0;
		};
/* End PBXFrameworksBuildPhase section */

/* Begin PBXGroup section */
		142E9B44DF3ADF7B8D1C9B60 /* Frameworks */ = {
			isa = PBXGroup;
			children = (
				40926DA1344D456B1AEEE32E /* Pods_Mediator_Door.framework */,
			);
			name = Frameworks;
			sourceTree = "<group>";
		};
		4D86A69688D0030FE47B0B08 /* Pods */ = {
			isa = PBXGroup;
			children = (
				7F9F89B7EB0B7561035BE7D2 /* Pods-Mediator+Door.debug.xcconfig */,
				395941BE1F7CF78B8C3F68B0 /* Pods-Mediator+Door.release.xcconfig */,
			);
			name = Pods;
			sourceTree = "<group>";
		};
		EDF72BB91E64007200B1ACAF = {
			isa = PBXGroup;
			children = (
				EDF72BC41E64007200B1ACAF /* Mediator+Door */,
				EDF72BC31E64007200B1ACAF /* Products */,
				4D86A69688D0030FE47B0B08 /* Pods */,
				142E9B44DF3ADF7B8D1C9B60 /* Frameworks */,
			);
			sourceTree = "<group>";
		};
		EDF72BC31E64007200B1ACAF /* Products */ = {
			isa = PBXGroup;
			children = (
				EDF72BC21E64007200B1ACAF /* Mediator+Door.app */,
			);
			name = Products;
			sourceTree = "<group>";
		};
		EDF72BC41E64007200B1ACAF /* Mediator+Door */ = {
			isa = PBXGroup;
			children = (
				EDF72BD71E6400EA00B1ACAF /* Mediator+Door */,
				EDF72BC51E64007200B1ACAF /* AppDelegate.swift */,
				EDF72BC71E64007200B1ACAF /* ViewController.swift */,
				EDF72BC91E64007200B1ACAF /* Main.storyboard */,
				EDF72BCC1E64007200B1ACAF /* Assets.xcassets */,
				EDF72BCE1E64007200B1ACAF /* LaunchScreen.storyboard */,
				EDF72BD11E64007200B1ACAF /* Info.plist */,
			);
			path = "Mediator+Door";
			sourceTree = "<group>";
		};
		EDF72BD71E6400EA00B1ACAF /* Mediator+Door */ = {
			isa = PBXGroup;
			children = (
				EDF72BD81E6400EA00B1ACAF /* Door.swift */,
				EDF72BD91E6400EA00B1ACAF /* Mediator+Door.swift */,
			);
			path = "Mediator+Door";
			sourceTree = "<group>";
		};
/* End PBXGroup section */

/* Begin PBXNativeTarget section */
		EDF72BC11E64007200B1ACAF /* Mediator+Door */ = {
			isa = PBXNativeTarget;
			buildConfigurationList = EDF72BD41E64007200B1ACAF /* Build configuration list for PBXNativeTarget "Mediator+Door" */;
			buildPhases = (
				31EADA42A8A5F794BC40344D /* [CP] Check Pods Manifest.lock */,
				EDF72BBE1E64007200B1ACAF /* Sources */,
				EDF72BBF1E64007200B1ACAF /* Frameworks */,
				EDF72BC01E64007200B1ACAF /* Resources */,
				6AD92880BBECE1F71316DECE /* [CP] Embed Pods Frameworks */,
				A0C5400632757983A9FF7158 /* [CP] Copy Pods Resources */,
			);
			buildRules = (
			);
			dependencies = (
			);
			name = "Mediator+Door";
			productName = "Mediator+Door";
			productReference = EDF72BC21E64007200B1ACAF /* Mediator+Door.app */;
			productType = "com.apple.product-type.application";
		};
/* End PBXNativeTarget section */

/* Begin PBXProject section */
		EDF72BBA1E64007200B1ACAF /* Project object */ = {
			isa = PBXProject;
			attributes = {
				LastSwiftUpdateCheck = 0820;
				LastUpgradeCheck = 0820;
				ORGANIZATIONNAME = Limon.F;
				TargetAttributes = {
					EDF72BC11E64007200B1ACAF = {
						CreatedOnToolsVersion = 8.2.1;
						ProvisioningStyle = Automatic;
					};
				};
			};
			buildConfigurationList = EDF72BBD1E64007200B1ACAF /* Build configuration list for PBXProject "Mediator+Door" */;
			compatibilityVersion = "Xcode 3.2";
			developmentRegion = English;
			hasScannedForEncodings = 0;
			knownRegions = (
				en,
				Base,
			);
			mainGroup = EDF72BB91E64007200B1ACAF;
			productRefGroup = EDF72BC31E64007200B1ACAF /* Products */;
			projectDirPath = "";
			projectRoot = "";
			targets = (
				EDF72BC11E64007200B1ACAF /* Mediator+Door */,
			);
		};
/* End PBXProject section */

/* Begin PBXResourcesBuildPhase section */
		EDF72BC01E64007200B1ACAF /* Resources */ = {
			isa = PBXResourcesBuildPhase;
			buildActionMask = 2147483647;
			files = (
				EDF72BD01E64007200B1ACAF /* LaunchScreen.storyboard in Resources */,
				EDF72BCD1E64007200B1ACAF /* Assets.xcassets in Resources */,
				EDF72BCB1E64007200B1ACAF /* Main.storyboard in Resources */,
			);
			runOnlyForDeploymentPostprocessing = 0;
		};
/* End PBXResourcesBuildPhase section */

/* Begin PBXShellScriptBuildPhase section */
		31EADA42A8A5F794BC40344D /* [CP] Check Pods Manifest.lock */ = {
			isa = PBXShellScriptBuildPhase;
			buildActionMask = 2147483647;
			files = (
			);
			inputPaths = (
			);
			name = "[CP] Check Pods Manifest.lock";
			outputPaths = (
			);
			runOnlyForDeploymentPostprocessing = 0;
			shellPath = /bin/sh;
			shellScript = "diff \"${PODS_ROOT}/../Podfile.lock\" \"${PODS_ROOT}/Manifest.lock\" > /dev/null\nif [ $? != 0 ] ; then\n    # print error to STDERR\n    echo \"error: The sandbox is not in sync with the Podfile.lock. Run 'pod install' or update your CocoaPods installation.\" >&2\n    exit 1\nfi\n";
			showEnvVarsInLog = 0;
		};
		6AD92880BBECE1F71316DECE /* [CP] Embed Pods Frameworks */ = {
			isa = PBXShellScriptBuildPhase;
			buildActionMask = 2147483647;
			files = (
			);
			inputPaths = (
			);
			name = "[CP] Embed Pods Frameworks";
			outputPaths = (
			);
			runOnlyForDeploymentPostprocessing = 0;
			shellPath = /bin/sh;
			shellScript = "\"${SRCROOT}/Pods/Target Support Files/Pods-Mediator+Door/Pods-Mediator+Door-frameworks.sh\"\n";
			showEnvVarsInLog = 0;
		};
		A0C5400632757983A9FF7158 /* [CP] Copy Pods Resources */ = {
			isa = PBXShellScriptBuildPhase;
			buildActionMask = 2147483647;
			files = (
			);
			inputPaths = (
			);
			name = "[CP] Copy Pods Resources";
			outputPaths = (
			);
			runOnlyForDeploymentPostprocessing = 0;
			shellPath = /bin/sh;
			shellScript = "\"${SRCROOT}/Pods/Target Support Files/Pods-Mediator+Door/Pods-Mediator+Door-resources.sh\"\n";
			showEnvVarsInLog = 0;
		};
/* End PBXShellScriptBuildPhase section */

/* Begin PBXSourcesBuildPhase section */
		EDF72BBE1E64007200B1ACAF /* Sources */ = {
			isa = PBXSourcesBuildPhase;
			buildActionMask = 2147483647;
			files = (
				EDF72BC81E64007200B1ACAF /* ViewController.swift in Sources */,
				EDF72BDA1E6400EA00B1ACAF /* Door.swift in Sources */,
				EDF72BDB1E6400EA00B1ACAF /* Mediator+Door.swift in Sources */,
				EDF72BC61E64007200B1ACAF /* AppDelegate.swift in Sources */,
			);
			runOnlyForDeploymentPostprocessing = 0;
		};
/* End PBXSourcesBuildPhase section */

/* Begin PBXVariantGroup section */
		EDF72BC91E64007200B1ACAF /* Main.storyboard */ = {
			isa = PBXVariantGroup;
			children = (
				EDF72BCA1E64007200B1ACAF /* Base */,
			);
			name = Main.storyboard;
			sourceTree = "<group>";
		};
		EDF72BCE1E64007200B1ACAF /* LaunchScreen.storyboard */ = {
			isa = PBXVariantGroup;
			children = (
				EDF72BCF1E64007200B1ACAF /* Base */,
			);
			name = LaunchScreen.storyboard;
			sourceTree = "<group>";
		};
/* End PBXVariantGroup section */

/* Begin XCBuildConfiguration section */
		EDF72BD21E64007200B1ACAF /* Debug */ = {
			isa = XCBuildConfiguration;
			buildSettings = {
				ALWAYS_SEARCH_USER_PATHS = NO;
				CLANG_ANALYZER_NONNULL = YES;
				CLANG_CXX_LANGUAGE_STANDARD = "gnu++0x";
				CLANG_CXX_LIBRARY = "libc++";
				CLANG_ENABLE_MODULES = YES;
				CLANG_ENABLE_OBJC_ARC = YES;
				CLANG_WARN_BOOL_CONVERSION = YES;
				CLANG_WARN_CONSTANT_CONVERSION = YES;
				CLANG_WARN_DIRECT_OBJC_ISA_USAGE = YES_ERROR;
				CLANG_WARN_DOCUMENTATION_COMMENTS = YES;
				CLANG_WARN_EMPTY_BODY = YES;
				CLANG_WARN_ENUM_CONVERSION = YES;
				CLANG_WARN_INFINITE_RECURSION = YES;
				CLANG_WARN_INT_CONVERSION = YES;
				CLANG_WARN_OBJC_ROOT_CLASS = YES_ERROR;
				CLANG_WARN_SUSPICIOUS_MOVE = YES;
				CLANG_WARN_UNREACHABLE_CODE = YES;
				CLANG_WARN__DUPLICATE_METHOD_MATCH = YES;
				"CODE_SIGN_IDENTITY[sdk=iphoneos*]" = "iPhone Developer";
				COPY_PHASE_STRIP = NO;
				DEBUG_INFORMATION_FORMAT = dwarf;
				ENABLE_STRICT_OBJC_MSGSEND = YES;
				ENABLE_TESTABILITY = YES;
				GCC_C_LANGUAGE_STANDARD = gnu99;
				GCC_DYNAMIC_NO_PIC = NO;
				GCC_NO_COMMON_BLOCKS = YES;
				GCC_OPTIMIZATION_LEVEL = 0;
				GCC_PREPROCESSOR_DEFINITIONS = (
					"DEBUG=1",
					"$(inherited)",
				);
				GCC_WARN_64_TO_32_BIT_CONVERSION = YES;
				GCC_WARN_ABOUT_RETURN_TYPE = YES_ERROR;
				GCC_WARN_UNDECLARED_SELECTOR = YES;
				GCC_WARN_UNINITIALIZED_AUTOS = YES_AGGRESSIVE;
				GCC_WARN_UNUSED_FUNCTION = YES;
				GCC_WARN_UNUSED_VARIABLE = YES;
				IPHONEOS_DEPLOYMENT_TARGET = 8.0;
				MTL_ENABLE_DEBUG_INFO = YES;
				ONLY_ACTIVE_ARCH = YES;
				SDKROOT = iphoneos;
				SWIFT_ACTIVE_COMPILATION_CONDITIONS = DEBUG;
				SWIFT_OPTIMIZATION_LEVEL = "-Onone";
			};
			name = Debug;
		};
		EDF72BD31E64007200B1ACAF /* Release */ = {
			isa = XCBuildConfiguration;
			buildSettings = {
				ALWAYS_SEARCH_USER_PATHS = NO;
				CLANG_ANALYZER_NONNULL = YES;
				CLANG_CXX_LANGUAGE_STANDARD = "gnu++0x";
				CLANG_CXX_LIBRARY = "libc++";
				CLANG_ENABLE_MODULES = YES;
				CLANG_ENABLE_OBJC_ARC = YES;
				CLANG_WARN_BOOL_CONVERSION = YES;
				CLANG_WARN_CONSTANT_CONVERSION = YES;
				CLANG_WARN_DIRECT_OBJC_ISA_USAGE = YES_ERROR;
				CLANG_WARN_DOCUMENTATION_COMMENTS = YES;
				CLANG_WARN_EMPTY_BODY = YES;
				CLANG_WARN_ENUM_CONVERSION = YES;
				CLANG_WARN_INFINITE_RECURSION = YES;
				CLANG_WARN_INT_CONVERSION = YES;
				CLANG_WARN_OBJC_ROOT_CLASS = YES_ERROR;
				CLANG_WARN_SUSPICIOUS_MOVE = YES;
				CLANG_WARN_UNREACHABLE_CODE = YES;
				CLANG_WARN__DUPLICATE_METHOD_MATCH = YES;
				"CODE_SIGN_IDENTITY[sdk=iphoneos*]" = "iPhone Developer";
				COPY_PHASE_STRIP = NO;
				DEBUG_INFORMATION_FORMAT = "dwarf-with-dsym";
				ENABLE_NS_ASSERTIONS = NO;
				ENABLE_STRICT_OBJC_MSGSEND = YES;
				GCC_C_LANGUAGE_STANDARD = gnu99;
				GCC_NO_COMMON_BLOCKS = YES;
				GCC_WARN_64_TO_32_BIT_CONVERSION = YES;
				GCC_WARN_ABOUT_RETURN_TYPE = YES_ERROR;
				GCC_WARN_UNDECLARED_SELECTOR = YES;
				GCC_WARN_UNINITIALIZED_AUTOS = YES_AGGRESSIVE;
				GCC_WARN_UNUSED_FUNCTION = YES;
				GCC_WARN_UNUSED_VARIABLE = YES;
				IPHONEOS_DEPLOYMENT_TARGET = 8.0;
				MTL_ENABLE_DEBUG_INFO = NO;
				SDKROOT = iphoneos;
				SWIFT_OPTIMIZATION_LEVEL = "-Owholemodule";
				VALIDATE_PRODUCT = YES;
			};
			name = Release;
		};
		EDF72BD51E64007200B1ACAF /* Debug */ = {
			isa = XCBuildConfiguration;
			baseConfigurationReference = 7F9F89B7EB0B7561035BE7D2 /* Pods-Mediator+Door.debug.xcconfig */;
			buildSettings = {
				ASSETCATALOG_COMPILER_APPICON_NAME = AppIcon;
				INFOPLIST_FILE = "Mediator+Door/Info.plist";
				LD_RUNPATH_SEARCH_PATHS = "$(inherited) @executable_path/Frameworks";
				PRODUCT_BUNDLE_IDENTIFIER = "top.limon.Mediator-Door";
				PRODUCT_NAME = "$(TARGET_NAME)";
				SWIFT_VERSION = 3.0;
			};
			name = Debug;
		};
		EDF72BD61E64007200B1ACAF /* Release */ = {
			isa = XCBuildConfiguration;
			baseConfigurationReference = 395941BE1F7CF78B8C3F68B0 /* Pods-Mediator+Door.release.xcconfig */;
			buildSettings = {
				ASSETCATALOG_COMPILER_APPICON_NAME = AppIcon;
				INFOPLIST_FILE = "Mediator+Door/Info.plist";
				LD_RUNPATH_SEARCH_PATHS = "$(inherited) @executable_path/Frameworks";
				PRODUCT_BUNDLE_IDENTIFIER = "top.limon.Mediator-Door";
				PRODUCT_NAME = "$(TARGET_NAME)";
				SWIFT_VERSION = 3.0;
			};
			name = Release;
		};
/* End XCBuildConfiguration section */

/* Begin XCConfigurationList section */
		EDF72BBD1E64007200B1ACAF /* Build configuration list for PBXProject "Mediator+Door" */ = {
			isa = XCConfigurationList;
			buildConfigurations = (
				EDF72BD21E64007200B1ACAF /* Debug */,
				EDF72BD31E64007200B1ACAF /* Release */,
			);
			defaultConfigurationIsVisible = 0;
			defaultConfigurationName = Release;
		};
		EDF72BD41E64007200B1ACAF /* Build configuration list for PBXNativeTarget "Mediator+Door" */ = {
			isa = XCConfigurationList;
			buildConfigurations = (
				EDF72BD51E64007200B1ACAF /* Debug */,
				EDF72BD61E64007200B1ACAF /* Release */,
			);
			defaultConfigurationIsVisible = 0;
			defaultConfigurationName = Release;
		};
/* End XCConfigurationList section */
	};
	rootObject = EDF72BBA1E64007200B1ACAF /* Project object */;
}
