PODS:
  - FBSnapshotTestCase (2.1.4):
    - FBSnapshotTestCase/SwiftSupport (= 2.1.4)
  - FBSnapshotTestCase/Core (2.1.4)
  - FBSnapshotTestCase/SwiftSupport (2.1.4):
    - FBSnapshotTestCase/Core
  - LegoContext (0.0.1)
  - Mediator (0.0.4)
  - Mediator_Door (0.0.1):
    - Mediator
  - Nimble (5.1.1)
  - Nimble-Snapshots (4.4.0):
    - Nimble-Snapshots/Core (= 4.4.0)
  - Nimble-Snapshots/Core (4.4.0):
    - FBSnapshotTestCase (~> 2.0)
    - Nimble
    - Quick
  - Quick (1.0.0)

DEPENDENCIES:
  - FBSnapshotTestCase
  - LegoContext (from `../../../Frameworks/LegoContext`)
  - Mediator_Door (from `../../Mediator_Door`)
  - Nimble (~> 5.1.1)
  - Nimble-Snapshots
  - Quick (~> 1.0.0)

EXTERNAL SOURCES:
  LegoContext:
    :path: "../../../Frameworks/LegoContext"
  Mediator_Door:
    :path: "../../Mediator_Door"

SPEC CHECKSUMS:
  FBSnapshotTestCase: 094f9f314decbabe373b87cc339bea235a63e07a
  LegoContext: 00526d76b50073092abf5095b30da69dd0e9f9b5
  Mediator: 48093a0d5d818cda22bb134da9ba452897f04049
  Mediator_Door: 5eb6db12e7196641aa0e94cbec8fc4d81974ada9
  Nimble: 415e3aa3267e7bc2c96b05fa814ddea7bb686a29
  Nimble-Snapshots: e743439f26c2fa99d8f7e0d7c01c99bcb40aa6f2
  Quick: 8024e4a47e6cc03a9d5245ef0948264fc6d27cff

PODFILE CHECKSUM: 1fb7cb3036b525b7db8a7a6c1ad9b9cf39195575

COCOAPODS: 1.2.0
