PODS:
  - Alamofire (4.4.0)
  - Decodable (1.0.0)
  - FBSnapshotTestCase (2.1.4):
    - FBSnapshotTestCase/SwiftSupport (= 2.1.4)
  - FBSnapshotTestCase/Core (2.1.4)
  - FBSnapshotTestCase/SwiftSupport (2.1.4):
    - FBSnapshotTestCase/Core
  - LegoContext (1.0.1)
  - LegoProvider (0.0.1):
    - Decodable
    - MoyaSugar
  - Moya (8.0.2):
    - Moya/Core (= 8.0.2)
  - Moya/Core (8.0.2):
    - Alamofire (~> 4.1)
    - Result (~> 3.0)
  - Moya/RxSwift (8.0.2):
    - Moya/Core
    - RxSwift (~> 3.0)
  - MoyaSugar (0.0.2):
    - Moya
  - Nimble (5.1.1)
  - Nimble-Snapshots (4.4.0):
    - Nimble-Snapshots/Core (= 4.4.0)
  - Nimble-Snapshots/Core (4.4.0):
    - FBSnapshotTestCase (~> 2.0)
    - Nimble
    - Quick
  - Quick (1.0.0)
  - Result (3.2.0)
  - RxSwift (3.3.1)

DEPENDENCIES:
  - FBSnapshotTestCase
  - LegoContext
  - LegoProvider (from `../../LegoProvider`)
  - Moya/RxSwift
  - MoyaSugar
  - Nimble (~> 5.1.1)
  - Nimble-Snapshots
  - Quick (~> 1.0.0)

EXTERNAL SOURCES:
  LegoProvider:
    :path: "../../LegoProvider"

SPEC CHECKSUMS:
  Alamofire: dc44b1600b800eb63da6a19039a0083d62a6a62d
  Decodable: dcce84646aa58682fb0baa9fba67524494f1a5da
  FBSnapshotTestCase: 094f9f314decbabe373b87cc339bea235a63e07a
  LegoContext: 74526295eb4900618726525761766e096c3c8990
  LegoProvider: b886a4964d4aeca05c418e43155e2219ac0cef9a
  Moya: 47f61da5b634aa71f676431b64ee0f81e976296d
  MoyaSugar: ca8ac13f86436b73abcf7e17b752d1b0e2857ee3
  Nimble: 415e3aa3267e7bc2c96b05fa814ddea7bb686a29
  Nimble-Snapshots: e743439f26c2fa99d8f7e0d7c01c99bcb40aa6f2
  Quick: 8024e4a47e6cc03a9d5245ef0948264fc6d27cff
  Result: 5a6705171c0613cc5fbf6ec55ff520cc62a8e81d
  RxSwift: 8fc9f2de6275a9101d518444e00bf32f1a42caac

PODFILE CHECKSUM: e330c9f423e31640357a0eb727724463d76c26f3

COCOAPODS: 1.2.0
