// !$*UTF8*$!
{
	archiveVersion = 1;
	classes = {
	};
	objectVersion = 46;
	objects = {

/* Begin PBXBuildFile section */
		B00FD2E160E4C6691607319E /* Pods_Mediator_Tower.framework in Frameworks */ = {isa = PBXBuildFile; fileRef = 8C9799463FB08C4CAFF3B04E /* Pods_Mediator_Tower.framework */; };
		EDF72BE91E6402C400B1ACAF /* AppDelegate.swift in Sources */ = {isa = PBXBuildFile; fileRef = EDF72BE81E6402C400B1ACAF /* AppDelegate.swift */; };
		EDF72BEB1E6402C400B1ACAF /* ViewController.swift in Sources */ = {isa = PBXBuildFile; fileRef = EDF72BEA1E6402C400B1ACAF /* ViewController.swift */; };
		EDF72BEE1E6402C400B1ACAF /* Main.storyboard in Resources */ = {isa = PBXBuildFile; fileRef = EDF72BEC1E6402C400B1ACAF /* Main.storyboard */; };
		EDF72BF01E6402C400B1ACAF /* Assets.xcassets in Resources */ = {isa = PBXBuildFile; fileRef = EDF72BEF1E6402C400B1ACAF /* Assets.xcassets */; };
		EDF72BF31E6402C400B1ACAF /* LaunchScreen.storyboard in Resources */ = {isa = PBXBuildFile; fileRef = EDF72BF11E6402C400B1ACAF /* LaunchScreen.storyboard */; };
		EDF72BFD1E64032700B1ACAF /* Mediator+Tower.swift in Sources */ = {isa = PBXBuildFile; fileRef = EDF72BFB1E64032700B1ACAF /* Mediator+Tower.swift */; };
		EDF72BFE1E64032700B1ACAF /* Tower.swift in Sources */ = {isa = PBXBuildFile; fileRef = EDF72BFC1E64032700B1ACAF /* Tower.swift */; };
/* End PBXBuildFile section */

/* Begin PBXFileReference section */
		8C9799463FB08C4CAFF3B04E /* Pods_Mediator_Tower.framework */ = {isa = PBXFileReference; explicitFileType = wrapper.framework; includeInIndex = 0; path = Pods_Mediator_Tower.framework; sourceTree = BUILT_PRODUCTS_DIR; };
		A917FB088F84A7A9B0F0E0C4 /* Pods-Mediator+Tower.debug.xcconfig */ = {isa = PBXFileReference; includeInIndex = 1; lastKnownFileType = text.xcconfig; name = "Pods-Mediator+Tower.debug.xcconfig"; path = "Pods/Target Support Files/Pods-Mediator+Tower/Pods-Mediator+Tower.debug.xcconfig"; sourceTree = "<group>"; };
		EDA3368DD01C8BE1A2C14FCA /* Pods-Mediator+Tower.release.xcconfig */ = {isa = PBXFileReference; includeInIndex = 1; lastKnownFileType = text.xcconfig; name = "Pods-Mediator+Tower.release.xcconfig"; path = "Pods/Target Support Files/Pods-Mediator+Tower/Pods-Mediator+Tower.release.xcconfig"; sourceTree = "<group>"; };
		EDF72BE51E6402C400B1ACAF /* Mediator+Tower.app */ = {isa = PBXFileReference; explicitFileType = wrapper.application; includeInIndex = 0; path = "Mediator+Tower.app"; sourceTree = BUILT_PRODUCTS_DIR; };
		EDF72BE81E6402C400B1ACAF /* AppDelegate.swift */ = {isa = PBXFileReference; lastKnownFileType = sourcecode.swift; path = AppDelegate.swift; sourceTree = "<group>"; };
		EDF72BEA1E6402C400B1ACAF /* ViewController.swift */ = {isa = PBXFileReference; lastKnownFileType = sourcecode.swift; path = ViewController.swift; sourceTree = "<group>"; };
		EDF72BED1E6402C400B1ACAF /* Base */ = {isa = PBXFileReference; lastKnownFileType = file.storyboard; name = Base; path = Base.lproj/Main.storyboard; sourceTree = "<group>"; };
		EDF72BEF1E6402C400B1ACAF /* Assets.xcassets */ = {isa = PBXFileReference; lastKnownFileType = folder.assetcatalog; path = Assets.xcassets; sourceTree = "<group>"; };
		EDF72BF21E6402C400B1ACAF /* Base */ = {isa = PBXFileReference; lastKnownFileType = file.storyboard; name = Base; path = Base.lproj/LaunchScreen.storyboard; sourceTree = "<group>"; };
		EDF72BF41E6402C400B1ACAF /* Info.plist */ = {isa = PBXFileReference; lastKnownFileType = text.plist.xml; path = Info.plist; sourceTree = "<group>"; };
		EDF72BFB1E64032700B1ACAF /* Mediator+Tower.swift */ = {isa = PBXFileReference; fileEncoding = 4; lastKnownFileType = sourcecode.swift; path = "Mediator+Tower.swift"; sourceTree = "<group>"; };
		EDF72BFC1E64032700B1ACAF /* Tower.swift */ = {isa = PBXFileReference; fileEncoding = 4; lastKnownFileType = sourcecode.swift; path = Tower.swift; sourceTree = "<group>"; };
/* End PBXFileReference section */

/* Begin PBXFrameworksBuildPhase section */
		EDF72BE21E6402C400B1ACAF /* Frameworks */ = {
			isa = PBXFrameworksBuildPhase;
			buildActionMask = 2147483647;
			files = (
				B00FD2E160E4C6691607319E /* Pods_Mediator_Tower.framework in Frameworks */,
			);
			runOnlyForDeploymentPostprocessing = 0;
		};
/* End PBXFrameworksBuildPhase section */

/* Begin PBXGroup section */
		6C92096EC8670EB335DD2171 /* Frameworks */ = {
			isa = PBXGroup;
			children = (
				8C9799463FB08C4CAFF3B04E /* Pods_Mediator_Tower.framework */,
			);
			name = Frameworks;
			sourceTree = "<group>";
		};
		B145404C0A9A01E8C3D90B5B /* Pods */ = {
			isa = PBXGroup;
			children = (
				A917FB088F84A7A9B0F0E0C4 /* Pods-Mediator+Tower.debug.xcconfig */,
				EDA3368DD01C8BE1A2C14FCA /* Pods-Mediator+Tower.release.xcconfig */,
			);
			name = Pods;
			sourceTree = "<group>";
		};
		EDF72BDC1E6402C400B1ACAF = {
			isa = PBXGroup;
			children = (
				EDF72BE71E6402C400B1ACAF /* Mediator+Tower */,
				EDF72BE61E6402C400B1ACAF /* Products */,
				B145404C0A9A01E8C3D90B5B /* Pods */,
				6C92096EC8670EB335DD2171 /* Frameworks */,
			);
			sourceTree = "<group>";
		};
		EDF72BE61E6402C400B1ACAF /* Products */ = {
			isa = PBXGroup;
			children = (
				EDF72BE51E6402C400B1ACAF /* Mediator+Tower.app */,
			);
			name = Products;
			sourceTree = "<group>";
		};
		EDF72BE71E6402C400B1ACAF /* Mediator+Tower */ = {
			isa = PBXGroup;
			children = (
				EDF72BFA1E64032700B1ACAF /* Mediator+Tower */,
				EDF72BE81E6402C400B1ACAF /* AppDelegate.swift */,
				EDF72BEA1E6402C400B1ACAF /* ViewController.swift */,
				EDF72BEC1E6402C400B1ACAF /* Main.storyboard */,
				EDF72BEF1E6402C400B1ACAF /* Assets.xcassets */,
				EDF72BF11E6402C400B1ACAF /* LaunchScreen.storyboard */,
				EDF72BF41E6402C400B1ACAF /* Info.plist */,
			);
			path = "Mediator+Tower";
			sourceTree = "<group>";
		};
		EDF72BFA1E64032700B1ACAF /* Mediator+Tower */ = {
			isa = PBXGroup;
			children = (
				EDF72BFB1E64032700B1ACAF /* Mediator+Tower.swift */,
				EDF72BFC1E64032700B1ACAF /* Tower.swift */,
			);
			path = "Mediator+Tower";
			sourceTree = "<group>";
		};
/* End PBXGroup section */

/* Begin PBXNativeTarget section */
		EDF72BE41E6402C400B1ACAF /* Mediator+Tower */ = {
			isa = PBXNativeTarget;
			buildConfigurationList = EDF72BF71E6402C400B1ACAF /* Build configuration list for PBXNativeTarget "Mediator+Tower" */;
			buildPhases = (
				458AAE5B3335115F9697CF01 /* [CP] Check Pods Manifest.lock */,
				EDF72BE11E6402C400B1ACAF /* Sources */,
				EDF72BE21E6402C400B1ACAF /* Frameworks */,
				EDF72BE31E6402C400B1ACAF /* Resources */,
				9224EE78C1D476D5D852B45D /* [CP] Embed Pods Frameworks */,
				85C7C0F4266A75A8CBB2D88C /* [CP] Copy Pods Resources */,
			);
			buildRules = (
			);
			dependencies = (
			);
			name = "Mediator+Tower";
			productName = "Mediator+Tower";
			productReference = EDF72BE51E6402C400B1ACAF /* Mediator+Tower.app */;
			productType = "com.apple.product-type.application";
		};
/* End PBXNativeTarget section */

/* Begin PBXProject section */
		EDF72BDD1E6402C400B1ACAF /* Project object */ = {
			isa = PBXProject;
			attributes = {
				LastSwiftUpdateCheck = 0820;
				LastUpgradeCheck = 0820;
				ORGANIZATIONNAME = Limon.F;
				TargetAttributes = {
					EDF72BE41E6402C400B1ACAF = {
						CreatedOnToolsVersion = 8.2.1;
						ProvisioningStyle = Automatic;
					};
				};
			};
			buildConfigurationList = EDF72BE01E6402C400B1ACAF /* Build configuration list for PBXProject "Mediator+Tower" */;
			compatibilityVersion = "Xcode 3.2";
			developmentRegion = English;
			hasScannedForEncodings = 0;
			knownRegions = (
				en,
				Base,
			);
			mainGroup = EDF72BDC1E6402C400B1ACAF;
			productRefGroup = EDF72BE61E6402C400B1ACAF /* Products */;
			projectDirPath = "";
			projectRoot = "";
			targets = (
				EDF72BE41E6402C400B1ACAF /* Mediator+Tower */,
			);
		};
/* End PBXProject section */

/* Begin PBXResourcesBuildPhase section */
		EDF72BE31E6402C400B1ACAF /* Resources */ = {
			isa = PBXResourcesBuildPhase;
			buildActionMask = 2147483647;
			files = (
				EDF72BF31E6402C400B1ACAF /* LaunchScreen.storyboard in Resources */,
				EDF72BF01E6402C400B1ACAF /* Assets.xcassets in Resources */,
				EDF72BEE1E6402C400B1ACAF /* Main.storyboard in Resources */,
			);
			runOnlyForDeploymentPostprocessing = 0;
		};
/* End PBXResourcesBuildPhase section */

/* Begin PBXShellScriptBuildPhase section */
		458AAE5B3335115F9697CF01 /* [CP] Check Pods Manifest.lock */ = {
			isa = PBXShellScriptBuildPhase;
			buildActionMask = 2147483647;
			files = (
			);
			inputPaths = (
			);
			name = "[CP] Check Pods Manifest.lock";
			outputPaths = (
			);
			runOnlyForDeploymentPostprocessing = 0;
			shellPath = /bin/sh;
			shellScript = "diff \"${PODS_ROOT}/../Podfile.lock\" \"${PODS_ROOT}/Manifest.lock\" > /dev/null\nif [ $? != 0 ] ; then\n    # print error to STDERR\n    echo \"error: The sandbox is not in sync with the Podfile.lock. Run 'pod install' or update your CocoaPods installation.\" >&2\n    exit 1\nfi\n";
			showEnvVarsInLog = 0;
		};
		85C7C0F4266A75A8CBB2D88C /* [CP] Copy Pods Resources */ = {
			isa = PBXShellScriptBuildPhase;
			buildActionMask = 2147483647;
			files = (
			);
			inputPaths = (
			);
			name = "[CP] Copy Pods Resources";
			outputPaths = (
			);
			runOnlyForDeploymentPostprocessing = 0;
			shellPath = /bin/sh;
			shellScript = "\"${SRCROOT}/Pods/Target Support Files/Pods-Mediator+Tower/Pods-Mediator+Tower-resources.sh\"\n";
			showEnvVarsInLog = 0;
		};
		9224EE78C1D476D5D852B45D /* [CP] Embed Pods Frameworks */ = {
			isa = PBXShellScriptBuildPhase;
			buildActionMask = 2147483647;
			files = (
			);
			inputPaths = (
			);
			name = "[CP] Embed Pods Frameworks";
			outputPaths = (
			);
			runOnlyForDeploymentPostprocessing = 0;
			shellPath = /bin/sh;
			shellScript = "\"${SRCROOT}/Pods/Target Support Files/Pods-Mediator+Tower/Pods-Mediator+Tower-frameworks.sh\"\n";
			showEnvVarsInLog = 0;
		};
/* End PBXShellScriptBuildPhase section */

/* Begin PBXSourcesBuildPhase section */
		EDF72BE11E6402C400B1ACAF /* Sources */ = {
			isa = PBXSourcesBuildPhase;
			buildActionMask = 2147483647;
			files = (
				EDF72BFD1E64032700B1ACAF /* Mediator+Tower.swift in Sources */,
				EDF72BEB1E6402C400B1ACAF /* ViewController.swift in Sources */,
				EDF72BE91E6402C400B1ACAF /* AppDelegate.swift in Sources */,
				EDF72BFE1E64032700B1ACAF /* Tower.swift in Sources */,
			);
			runOnlyForDeploymentPostprocessing = 0;
		};
/* End PBXSourcesBuildPhase section */

/* Begin PBXVariantGroup section */
		EDF72BEC1E6402C400B1ACAF /* Main.storyboard */ = {
			isa = PBXVariantGroup;
			children = (
				EDF72BED1E6402C400B1ACAF /* Base */,
			);
			name = Main.storyboard;
			sourceTree = "<group>";
		};
		EDF72BF11E6402C400B1ACAF /* LaunchScreen.storyboard */ = {
			isa = PBXVariantGroup;
			children = (
				EDF72BF21E6402C400B1ACAF /* Base */,
			);
			name = LaunchScreen.storyboard;
			sourceTree = "<group>";
		};
/* End PBXVariantGroup section */

/* Begin XCBuildConfiguration section */
		EDF72BF51E6402C400B1ACAF /* Debug */ = {
			isa = XCBuildConfiguration;
			buildSettings = {
				ALWAYS_SEARCH_USER_PATHS = NO;
				CLANG_ANALYZER_NONNULL = YES;
				CLANG_CXX_LANGUAGE_STANDARD = "gnu++0x";
				CLANG_CXX_LIBRARY = "libc++";
				CLANG_ENABLE_MODULES = YES;
				CLANG_ENABLE_OBJC_ARC = YES;
				CLANG_WARN_BOOL_CONVERSION = YES;
				CLANG_WARN_CONSTANT_CONVERSION = YES;
				CLANG_WARN_DIRECT_OBJC_ISA_USAGE = YES_ERROR;
				CLANG_WARN_DOCUMENTATION_COMMENTS = YES;
				CLANG_WARN_EMPTY_BODY = YES;
				CLANG_WARN_ENUM_CONVERSION = YES;
				CLANG_WARN_INFINITE_RECURSION = YES;
				CLANG_WARN_INT_CONVERSION = YES;
				CLANG_WARN_OBJC_ROOT_CLASS = YES_ERROR;
				CLANG_WARN_SUSPICIOUS_MOVE = YES;
				CLANG_WARN_UNREACHABLE_CODE = YES;
				CLANG_WARN__DUPLICATE_METHOD_MATCH = YES;
				"CODE_SIGN_IDENTITY[sdk=iphoneos*]" = "iPhone Developer";
				COPY_PHASE_STRIP = NO;
				DEBUG_INFORMATION_FORMAT = dwarf;
				ENABLE_STRICT_OBJC_MSGSEND = YES;
				ENABLE_TESTABILITY = YES;
				GCC_C_LANGUAGE_STANDARD = gnu99;
				GCC_DYNAMIC_NO_PIC = NO;
				GCC_NO_COMMON_BLOCKS = YES;
				GCC_OPTIMIZATION_LEVEL = 0;
				GCC_PREPROCESSOR_DEFINITIONS = (
					"DEBUG=1",
					"$(inherited)",
				);
				GCC_WARN_64_TO_32_BIT_CONVERSION = YES;
				GCC_WARN_ABOUT_RETURN_TYPE = YES_ERROR;
				GCC_WARN_UNDECLARED_SELECTOR = YES;
				GCC_WARN_UNINITIALIZED_AUTOS = YES_AGGRESSIVE;
				GCC_WARN_UNUSED_FUNCTION = YES;
				GCC_WARN_UNUSED_VARIABLE = YES;
				IPHONEOS_DEPLOYMENT_TARGET = 8.0;
				MTL_ENABLE_DEBUG_INFO = YES;
				ONLY_ACTIVE_ARCH = YES;
				SDKROOT = iphoneos;
				SWIFT_ACTIVE_COMPILATION_CONDITIONS = DEBUG;
				SWIFT_OPTIMIZATION_LEVEL = "-Onone";
			};
			name = Debug;
		};
		EDF72BF61E6402C400B1ACAF /* Release */ = {
			isa = XCBuildConfiguration;
			buildSettings = {
				ALWAYS_SEARCH_USER_PATHS = NO;
				CLANG_ANALYZER_NONNULL = YES;
				CLANG_CXX_LANGUAGE_STANDARD = "gnu++0x";
				CLANG_CXX_LIBRARY = "libc++";
				CLANG_ENABLE_MODULES = YES;
				CLANG_ENABLE_OBJC_ARC = YES;
				CLANG_WARN_BOOL_CONVERSION = YES;
				CLANG_WARN_CONSTANT_CONVERSION = YES;
				CLANG_WARN_DIRECT_OBJC_ISA_USAGE = YES_ERROR;
				CLANG_WARN_DOCUMENTATION_COMMENTS = YES;
				CLANG_WARN_EMPTY_BODY = YES;
				CLANG_WARN_ENUM_CONVERSION = YES;
				CLANG_WARN_INFINITE_RECURSION = YES;
				CLANG_WARN_INT_CONVERSION = YES;
				CLANG_WARN_OBJC_ROOT_CLASS = YES_ERROR;
				CLANG_WARN_SUSPICIOUS_MOVE = YES;
				CLANG_WARN_UNREACHABLE_CODE = YES;
				CLANG_WARN__DUPLICATE_METHOD_MATCH = YES;
				"CODE_SIGN_IDENTITY[sdk=iphoneos*]" = "iPhone Developer";
				COPY_PHASE_STRIP = NO;
				DEBUG_INFORMATION_FORMAT = "dwarf-with-dsym";
				ENABLE_NS_ASSERTIONS = NO;
				ENABLE_STRICT_OBJC_MSGSEND = YES;
				GCC_C_LANGUAGE_STANDARD = gnu99;
				GCC_NO_COMMON_BLOCKS = YES;
				GCC_WARN_64_TO_32_BIT_CONVERSION = YES;
				GCC_WARN_ABOUT_RETURN_TYPE = YES_ERROR;
				GCC_WARN_UNDECLARED_SELECTOR = YES;
				GCC_WARN_UNINITIALIZED_AUTOS = YES_AGGRESSIVE;
				GCC_WARN_UNUSED_FUNCTION = YES;
				GCC_WARN_UNUSED_VARIABLE = YES;
				IPHONEOS_DEPLOYMENT_TARGET = 8.0;
				MTL_ENABLE_DEBUG_INFO = NO;
				SDKROOT = iphoneos;
				SWIFT_OPTIMIZATION_LEVEL = "-Owholemodule";
				VALIDATE_PRODUCT = YES;
			};
			name = Release;
		};
		EDF72BF81E6402C400B1ACAF /* Debug */ = {
			isa = XCBuildConfiguration;
			baseConfigurationReference = A917FB088F84A7A9B0F0E0C4 /* Pods-Mediator+Tower.debug.xcconfig */;
			buildSettings = {
				ASSETCATALOG_COMPILER_APPICON_NAME = AppIcon;
				INFOPLIST_FILE = "Mediator+Tower/Info.plist";
				LD_RUNPATH_SEARCH_PATHS = "$(inherited) @executable_path/Frameworks";
				PRODUCT_BUNDLE_IDENTIFIER = "top.limon.Mediator-Tower";
				PRODUCT_NAME = "$(TARGET_NAME)";
				SWIFT_VERSION = 3.0;
			};
			name = Debug;
		};
		EDF72BF91E6402C400B1ACAF /* Release */ = {
			isa = XCBuildConfiguration;
			baseConfigurationReference = EDA3368DD01C8BE1A2C14FCA /* Pods-Mediator+Tower.release.xcconfig */;
			buildSettings = {
				ASSETCATALOG_COMPILER_APPICON_NAME = AppIcon;
				INFOPLIST_FILE = "Mediator+Tower/Info.plist";
				LD_RUNPATH_SEARCH_PATHS = "$(inherited) @executable_path/Frameworks";
				PRODUCT_BUNDLE_IDENTIFIER = "top.limon.Mediator-Tower";
				PRODUCT_NAME = "$(TARGET_NAME)";
				SWIFT_VERSION = 3.0;
			};
			name = Release;
		};
/* End XCBuildConfiguration section */

/* Begin XCConfigurationList section */
		EDF72BE01E6402C400B1ACAF /* Build configuration list for PBXProject "Mediator+Tower" */ = {
			isa = XCConfigurationList;
			buildConfigurations = (
				EDF72BF51E6402C400B1ACAF /* Debug */,
				EDF72BF61E6402C400B1ACAF /* Release */,
			);
			defaultConfigurationIsVisible = 0;
			defaultConfigurationName = Release;
		};
		EDF72BF71E6402C400B1ACAF /* Build configuration list for PBXNativeTarget "Mediator+Tower" */ = {
			isa = XCConfigurationList;
			buildConfigurations = (
				EDF72BF81E6402C400B1ACAF /* Debug */,
				EDF72BF91E6402C400B1ACAF /* Release */,
			);
			defaultConfigurationIsVisible = 0;
			defaultConfigurationName = Release;
		};
/* End XCConfigurationList section */
	};
	rootObject = EDF72BDD1E6402C400B1ACAF /* Project object */;
}
